// !$*UTF8*$!
{
	archiveVersion = 1;
	classes = {
	};
	objectVersion = 50;
	objects = {

/* Begin PBXBuildFile section */
		621C2C9422E9409300F40752 /* AppDelegate.swift in Sources */ = {isa = PBXBuildFile; fileRef = 621C2C9322E9409300F40752 /* AppDelegate.swift */; };
		621C2C9622E9409300F40752 /* ViewController.swift in Sources */ = {isa = PBXBuildFile; fileRef = 621C2C9522E9409300F40752 /* ViewController.swift */; };
		621C2C9922E9409300F40752 /* Main.storyboard in Resources */ = {isa = PBXBuildFile; fileRef = 621C2C9722E9409300F40752 /* Main.storyboard */; };
		621C2C9B22E9409400F40752 /* Assets.xcassets in Resources */ = {isa = PBXBuildFile; fileRef = 621C2C9A22E9409400F40752 /* Assets.xcassets */; };
		621C2C9E22E9409400F40752 /* LaunchScreen.storyboard in Resources */ = {isa = PBXBuildFile; fileRef = 621C2C9C22E9409400F40752 /* LaunchScreen.storyboard */; };
		621C2CA822E9462700F40752 /* applelogo.png in Resources */ = {isa = PBXBuildFile; fileRef = 621C2CA722E9462600F40752 /* applelogo.png */; };
		62CFFE2B22EA3F8C00CC72E7 /* LocationNotificationInfo.swift in Sources */ = {isa = PBXBuildFile; fileRef = 62CFFE2A22EA3F8B00CC72E7 /* LocationNotificationInfo.swift */; };
		62CFFE2D22EA3FB800CC72E7 /* LocationNotificationScheduler.swift in Sources */ = {isa = PBXBuildFile; fileRef = 62CFFE2C22EA3FB800CC72E7 /* LocationNotificationScheduler.swift */; };
		62CFFE2F22EA3FD200CC72E7 /* LocationNotificationSchedulerDelegate.swift in Sources */ = {isa = PBXBuildFile; fileRef = 62CFFE2E22EA3FD200CC72E7 /* LocationNotificationSchedulerDelegate.swift */; };
/* End PBXBuildFile section */

/* Begin PBXFileReference section */
		621C2C9022E9409300F40752 /* ReminderNotifications.app */ = {isa = PBXFileReference; explicitFileType = wrapper.application; includeInIndex = 0; path = ReminderNotifications.app; sourceTree = BUILT_PRODUCTS_DIR; };
		621C2C9322E9409300F40752 /* AppDelegate.swift */ = {isa = PBXFileReference; lastKnownFileType = sourcecode.swift; path = AppDelegate.swift; sourceTree = "<group>"; };
		621C2C9522E9409300F40752 /* ViewController.swift */ = {isa = PBXFileReference; lastKnownFileType = sourcecode.swift; path = ViewController.swift; sourceTree = "<group>"; };
		621C2C9822E9409300F40752 /* Base */ = {isa = PBXFileReference; lastKnownFileType = file.storyboard; name = Base; path = Base.lproj/Main.storyboard; sourceTree = "<group>"; };
		621C2C9A22E9409400F40752 /* Assets.xcassets */ = {isa = PBXFileReference; lastKnownFileType = folder.assetcatalog; path = Assets.xcassets; sourceTree = "<group>"; };
		621C2C9D22E9409400F40752 /* Base */ = {isa = PBXFileReference; lastKnownFileType = file.storyboard; name = Base; path = Base.lproj/LaunchScreen.storyboard; sourceTree = "<group>"; };
		621C2C9F22E9409400F40752 /* Info.plist */ = {isa = PBXFileReference; lastKnownFileType = text.plist.xml; path = Info.plist; sourceTree = "<group>"; };
		621C2CA722E9462600F40752 /* applelogo.png */ = {isa = PBXFileReference; lastKnownFileType = image.png; path = applelogo.png; sourceTree = "<group>"; };
		62CFFE2A22EA3F8B00CC72E7 /* LocationNotificationInfo.swift */ = {isa = PBXFileReference; lastKnownFileType = sourcecode.swift; path = LocationNotificationInfo.swift; sourceTree = "<group>"; };
		62CFFE2C22EA3FB800CC72E7 /* LocationNotificationScheduler.swift */ = {isa = PBXFileReference; lastKnownFileType = sourcecode.swift; path = LocationNotificationScheduler.swift; sourceTree = "<group>"; };
		62CFFE2E22EA3FD200CC72E7 /* LocationNotificationSchedulerDelegate.swift */ = {isa = PBXFileReference; lastKnownFileType = sourcecode.swift; path = LocationNotificationSchedulerDelegate.swift; sourceTree = "<group>"; };
/* End PBXFileReference section */

/* Begin PBXFrameworksBuildPhase section */
		621C2C8D22E9409300F40752 /* Frameworks */ = {
			isa = PBXFrameworksBuildPhase;
			buildActionMask = 2147483647;
			files = (
			);
			runOnlyForDeploymentPostprocessing = 0;
		};
/* End PBXFrameworksBuildPhase section */

/* Begin PBXGroup section */
		621C2C8722E9409300F40752 = {
			isa = PBXGroup;
			children = (
				621C2C9222E9409300F40752 /* ReminderNotifications */,
				621C2C9122E9409300F40752 /* Products */,
			);
			sourceTree = "<group>";
		};
		621C2C9122E9409300F40752 /* Products */ = {
			isa = PBXGroup;
			children = (
				621C2C9022E9409300F40752 /* ReminderNotifications.app */,
			);
			name = Products;
			sourceTree = "<group>";
		};
		621C2C9222E9409300F40752 /* ReminderNotifications */ = {
			isa = PBXGroup;
			children = (
				621C2C9322E9409300F40752 /* AppDelegate.swift */,
				621C2C9522E9409300F40752 /* ViewController.swift */,
				62CFFE2A22EA3F8B00CC72E7 /* LocationNotificationInfo.swift */,
				62CFFE2C22EA3FB800CC72E7 /* LocationNotificationScheduler.swift */,
				62CFFE2E22EA3FD200CC72E7 /* LocationNotificationSchedulerDelegate.swift */,
				621C2C9722E9409300F40752 /* Main.storyboard */,
				621C2C9A22E9409400F40752 /* Assets.xcassets */,
				621C2CA722E9462600F40752 /* applelogo.png */,
				621C2C9C22E9409400F40752 /* LaunchScreen.storyboard */,
				621C2C9F22E9409400F40752 /* Info.plist */,
			);
			path = ReminderNotifications;
			sourceTree = "<group>";
		};
/* End PBXGroup section */

/* Begin PBXNativeTarget section */
		621C2C8F22E9409300F40752 /* ReminderNotifications */ = {
			isa = PBXNativeTarget;
			buildConfigurationList = 621C2CA222E9409400F40752 /* Build configuration list for PBXNativeTarget "ReminderNotifications" */;
			buildPhases = (
				621C2C8C22E9409300F40752 /* Sources */,
				621C2C8D22E9409300F40752 /* Frameworks */,
				621C2C8E22E9409300F40752 /* Resources */,
			);
			buildRules = (
			);
			dependencies = (
			);
			name = ReminderNotifications;
			productName = ReminderNotifications;
			productReference = 621C2C9022E9409300F40752 /* ReminderNotifications.app */;
			productType = "com.apple.product-type.application";
		};
/* End PBXNativeTarget section */

/* Begin PBXProject section */
		621C2C8822E9409300F40752 /* Project object */ = {
			isa = PBXProject;
			attributes = {
				LastSwiftUpdateCheck = 1020;
				LastUpgradeCheck = 1020;
				ORGANIZATIONNAME = "Cameron Mcleod";
				TargetAttributes = {
					621C2C8F22E9409300F40752 = {
						CreatedOnToolsVersion = 10.2.1;
					};
				};
			};
			buildConfigurationList = 621C2C8B22E9409300F40752 /* Build configuration list for PBXProject "ReminderNotifications" */;
			compatibilityVersion = "Xcode 9.3";
			developmentRegion = en;
			hasScannedForEncodings = 0;
			knownRegions = (
				en,
				Base,
			);
			mainGroup = 621C2C8722E9409300F40752;
			productRefGroup = 621C2C9122E9409300F40752 /* Products */;
			projectDirPath = "";
			projectRoot = "";
			targets = (
				621C2C8F22E9409300F40752 /* ReminderNotifications */,
			);
		};
/* End PBXProject section */

/* Begin PBXResourcesBuildPhase section */
		621C2C8E22E9409300F40752 /* Resources */ = {
			isa = PBXResourcesBuildPhase;
			buildActionMask = 2147483647;
			files = (
				621C2C9E22E9409400F40752 /* LaunchScreen.storyboard in Resources */,
				621C2C9B22E9409400F40752 /* Assets.xcassets in Resources */,
				621C2C9922E9409300F40752 /* Main.storyboard in Resources */,
				621C2CA822E9462700F40752 /* applelogo.png in Resources */,
			);
			runOnlyForDeploymentPostprocessing = 0;
		};
/* End PBXResourcesBuildPhase section */

/* Begin PBXSourcesBuildPhase section */
		621C2C8C22E9409300F40752 /* Sources */ = {
			isa = PBXSourcesBuildPhase;
			buildActionMask = 2147483647;
			files = (
				62CFFE2B22EA3F8C00CC72E7 /* LocationNotificationInfo.swift in Sources */,
				62CFFE2D22EA3FB800CC72E7 /* LocationNotificationScheduler.swift in Sources */,
				621C2C9622E9409300F40752 /* ViewController.swift in Sources */,
				621C2C9422E9409300F40752 /* AppDelegate.swift in Sources */,
				62CFFE2F22EA3FD200CC72E7 /* LocationNotificationSchedulerDelegate.swift in Sources */,
			);
			runOnlyForDeploymentPostprocessing = 0;
		};
/* End PBXSourcesBuildPhase section */

/* Begin PBXVariantGroup section */
		621C2C9722E9409300F40752 /* Main.storyboard */ = {
			isa = PBXVariantGroup;
			children = (
				621C2C9822E9409300F40752 /* Base */,
			);
			name = Main.storyboard;
			sourceTree = "<group>";
		};
		621C2C9C22E9409400F40752 /* LaunchScreen.storyboard */ = {
			isa = PBXVariantGroup;
			children = (
				621C2C9D22E9409400F40752 /* Base */,
			);
			name = LaunchScreen.storyboard;
			sourceTree = "<group>";
		};
/* End PBXVariantGroup section */

/* Begin XCBuildConfiguration section */
		621C2CA022E9409400F40752 /* Debug */ = {
			isa = XCBuildConfiguration;
			buildSettings = {
				ALWAYS_SEARCH_USER_PATHS = NO;
				CLANG_ANALYZER_NONNULL = YES;
				CLANG_ANALYZER_NUMBER_OBJECT_CONVERSION = YES_AGGRESSIVE;
				CLANG_CXX_LANGUAGE_STANDARD = "gnu++14";
				CLANG_CXX_LIBRARY = "libc++";
				CLANG_ENABLE_MODULES = YES;
				CLANG_ENABLE_OBJC_ARC = YES;
				CLANG_ENABLE_OBJC_WEAK = YES;
				CLANG_WARN_BLOCK_CAPTURE_AUTORELEASING = YES;
				CLANG_WARN_BOOL_CONVERSION = YES;
				CLANG_WARN_COMMA = YES;
				CLANG_WARN_CONSTANT_CONVERSION = YES;
				CLANG_WARN_DEPRECATED_OBJC_IMPLEMENTATIONS = YES;
				CLANG_WARN_DIRECT_OBJC_ISA_USAGE = YES_ERROR;
				CLANG_WARN_DOCUMENTATION_COMMENTS = YES;
				CLANG_WARN_EMPTY_BODY = YES;
				CLANG_WARN_ENUM_CONVERSION = YES;
				CLANG_WARN_INFINITE_RECURSION = YES;
				CLANG_WARN_INT_CONVERSION = YES;
				CLANG_WARN_NON_LITERAL_NULL_CONVERSION = YES;
				CLANG_WARN_OBJC_IMPLICIT_RETAIN_SELF = YES;
				CLANG_WARN_OBJC_LITERAL_CONVERSION = YES;
				CLANG_WARN_OBJC_ROOT_CLASS = YES_ERROR;
				CLANG_WARN_RANGE_LOOP_ANALYSIS = YES;
				CLANG_WARN_STRICT_PROTOTYPES = YES;
				CLANG_WARN_SUSPICIOUS_MOVE = YES;
				CLANG_WARN_UNGUARDED_AVAILABILITY = YES_AGGRESSIVE;
				CLANG_WARN_UNREACHABLE_CODE = YES;
				CLANG_WARN__DUPLICATE_METHOD_MATCH = YES;
				CODE_SIGN_IDENTITY = "iPhone Developer";
				COPY_PHASE_STRIP = NO;
				DEBUG_INFORMATION_FORMAT = dwarf;
				ENABLE_STRICT_OBJC_MSGSEND = YES;
				ENABLE_TESTABILITY = YES;
				GCC_C_LANGUAGE_STANDARD = gnu11;
				GCC_DYNAMIC_NO_PIC = NO;
				GCC_NO_COMMON_BLOCKS = YES;
				GCC_OPTIMIZATION_LEVEL = 0;
				GCC_PREPROCESSOR_DEFINITIONS = (
					"DEBUG=1",
					"$(inherited)",
				);
				GCC_WARN_64_TO_32_BIT_CONVERSION = YES;
				GCC_WARN_ABOUT_RETURN_TYPE = YES_ERROR;
				GCC_WARN_UNDECLARED_SELECTOR = YES;
				GCC_WARN_UNINITIALIZED_AUTOS = YES_AGGRESSIVE;
				GCC_WARN_UNUSED_FUNCTION = YES;
				GCC_WARN_UNUSED_VARIABLE = YES;
				IPHONEOS_DEPLOYMENT_TARGET = 12.2;
				MTL_ENABLE_DEBUG_INFO = INCLUDE_SOURCE;
				MTL_FAST_MATH = YES;
				ONLY_ACTIVE_ARCH = YES;
				SDKROOT = iphoneos;
				SWIFT_ACTIVE_COMPILATION_CONDITIONS = DEBUG;
				SWIFT_OPTIMIZATION_LEVEL = "-Onone";
			};
			name = Debug;
		};
		621C2CA122E9409400F40752 /* Release */ = {
			isa = XCBuildConfiguration;
			buildSettings = {
				ALWAYS_SEARCH_USER_PATHS = NO;
				CLANG_ANALYZER_NONNULL = YES;
				CLANG_ANALYZER_NUMBER_OBJECT_CONVERSION = YES_AGGRESSIVE;
				CLANG_CXX_LANGUAGE_STANDARD = "gnu++14";
				CLANG_CXX_LIBRARY = "libc++";
				CLANG_ENABLE_MODULES = YES;
				CLANG_ENABLE_OBJC_ARC = YES;
				CLANG_ENABLE_OBJC_WEAK = YES;
				CLANG_WARN_BLOCK_CAPTURE_AUTORELEASING = YES;
				CLANG_WARN_BOOL_CONVERSION = YES;
				CLANG_WARN_COMMA = YES;
				CLANG_WARN_CONSTANT_CONVERSION = YES;
				CLANG_WARN_DEPRECATED_OBJC_IMPLEMENTATIONS = YES;
				CLANG_WARN_DIRECT_OBJC_ISA_USAGE = YES_ERROR;
				CLANG_WARN_DOCUMENTATION_COMMENTS = YES;
				CLANG_WARN_EMPTY_BODY = YES;
				CLANG_WARN_ENUM_CONVERSION = YES;
				CLANG_WARN_INFINITE_RECURSION = YES;
				CLANG_WARN_INT_CONVERSION = YES;
				CLANG_WARN_NON_LITERAL_NULL_CONVERSION = YES;
				CLANG_WARN_OBJC_IMPLICIT_RETAIN_SELF = YES;
				CLANG_WARN_OBJC_LITERAL_CONVERSION = YES;
				CLANG_WARN_OBJC_ROOT_CLASS = YES_ERROR;
				CLANG_WARN_RANGE_LOOP_ANALYSIS = YES;
				CLANG_WARN_STRICT_PROTOTYPES = YES;
				CLANG_WARN_SUSPICIOUS_MOVE = YES;
				CLANG_WARN_UNGUARDED_AVAILABILITY = YES_AGGRESSIVE;
				CLANG_WARN_UNREACHABLE_CODE = YES;
				CLANG_WARN__DUPLICATE_METHOD_MATCH = YES;
				CODE_SIGN_IDENTITY = "iPhone Developer";
				COPY_PHASE_STRIP = NO;
				DEBUG_INFORMATION_FORMAT = "dwarf-with-dsym";
				ENABLE_NS_ASSERTIONS = NO;
				ENABLE_STRICT_OBJC_MSGSEND = YES;
				GCC_C_LANGUAGE_STANDARD = gnu11;
				GCC_NO_COMMON_BLOCKS = YES;
				GCC_WARN_64_TO_32_BIT_CONVERSION = YES;
				GCC_WARN_ABOUT_RETURN_TYPE = YES_ERROR;
				GCC_WARN_UNDECLARED_SELECTOR = YES;
				GCC_WARN_UNINITIALIZED_AUTOS = YES_AGGRESSIVE;
				GCC_WARN_UNUSED_FUNCTION = YES;
				GCC_WARN_UNUSED_VARIABLE = YES;
				IPHONEOS_DEPLOYMENT_TARGET = 12.2;
				MTL_ENABLE_DEBUG_INFO = NO;
				MTL_FAST_MATH = YES;
				SDKROOT = iphoneos;
				SWIFT_COMPILATION_MODE = wholemodule;
				SWIFT_OPTIMIZATION_LEVEL = "-O";
				VALIDATE_PRODUCT = YES;
			};
			name = Release;
		};
		621C2CA322E9409400F40752 /* Debug */ = {
			isa = XCBuildConfiguration;
			buildSettings = {
				ASSETCATALOG_COMPILER_APPICON_NAME = AppIcon;
				CODE_SIGN_STYLE = Automatic;
				DEVELOPMENT_TEAM = 79VHH58USY;
				INFOPLIST_FILE = ReminderNotifications/Info.plist;
				LD_RUNPATH_SEARCH_PATHS = (
					"$(inherited)",
					"@executable_path/Frameworks",
				);
				PRODUCT_BUNDLE_IDENTIFIER = Lighthouse.ReminderNotifications;
				PRODUCT_NAME = "$(TARGET_NAME)";
				SWIFT_VERSION = 5.0;
				TARGETED_DEVICE_FAMILY = "1,2";
			};
			name = Debug;
		};
		621C2CA422E9409400F40752 /* Release */ = {
			isa = XCBuildConfiguration;
			buildSettings = {
				ASSETCATALOG_COMPILER_APPICON_NAME = AppIcon;
				CODE_SIGN_STYLE = Automatic;
				DEVELOPMENT_TEAM = 79VHH58USY;
				INFOPLIST_FILE = ReminderNotifications/Info.plist;
				LD_RUNPATH_SEARCH_PATHS = (
					"$(inherited)",
					"@executable_path/Frameworks",
				);
				PRODUCT_BUNDLE_IDENTIFIER = Lighthouse.ReminderNotifications;
				PRODUCT_NAME = "$(TARGET_NAME)";
				SWIFT_VERSION = 5.0;
				TARGETED_DEVICE_FAMILY = "1,2";
			};
			name = Release;
		};
/* End XCBuildConfiguration section */

/* Begin XCConfigurationList section */
		621C2C8B22E9409300F40752 /* Build configuration list for PBXProject "ReminderNotifications" */ = {
			isa = XCConfigurationList;
			buildConfigurations = (
				621C2CA022E9409400F40752 /* Debug */,
				621C2CA122E9409400F40752 /* Release */,
			);
			defaultConfigurationIsVisible = 0;
			defaultConfigurationName = Release;
		};
		621C2CA222E9409400F40752 /* Build configuration list for PBXNativeTarget "ReminderNotifications" */ = {
			isa = XCConfigurationList;
			buildConfigurations = (
				621C2CA322E9409400F40752 /* Debug */,
				621C2CA422E9409400F40752 /* Release */,
			);
			defaultConfigurationIsVisible = 0;
			defaultConfigurationName = Release;
		};
/* End XCConfigurationList section */
	};
	rootObject = 621C2C8822E9409300F40752 /* Project object */;
}
