// !$*UTF8*$!
{
	archiveVersion = 1;
	classes = {
	};
	objectVersion = 50;
	objects = {

/* Begin PBXBuildFile section */
		061099F422E94D3D00A9DC7A /* DynamicHeightCollectionView.swift in Sources */ = {isa = PBXBuildFile; fileRef = 061099F322E94D3D00A9DC7A /* DynamicHeightCollectionView.swift */; };
		06109A0222EA52D500A9DC7A /* DetailedTaskViewController.swift in Sources */ = {isa = PBXBuildFile; fileRef = 06109A0122EA52D500A9DC7A /* DetailedTaskViewController.swift */; };
		06109A0422EA5CC900A9DC7A /* AddAnotherTaskViewController.swift in Sources */ = {isa = PBXBuildFile; fileRef = 06109A0322EA5CC900A9DC7A /* AddAnotherTaskViewController.swift */; };
		065216EA22E7B66300DC1C44 /* Mastery_iOS.xcdatamodeld in Sources */ = {isa = PBXBuildFile; fileRef = 065216E822E7B66300DC1C44 /* Mastery_iOS.xcdatamodeld */; };
		065216FE22E7BB6100DC1C44 /* GoalListTableViewController.swift in Sources */ = {isa = PBXBuildFile; fileRef = 065216FD22E7BB6100DC1C44 /* GoalListTableViewController.swift */; };
		0652170022E7BBB700DC1C44 /* AddGoalViewController.swift in Sources */ = {isa = PBXBuildFile; fileRef = 065216FF22E7BBB700DC1C44 /* AddGoalViewController.swift */; };
		0652170222E7BBC700DC1C44 /* AddGoalDetailsViewController.swift in Sources */ = {isa = PBXBuildFile; fileRef = 0652170122E7BBC700DC1C44 /* AddGoalDetailsViewController.swift */; };
		0652170A22E7D22400DC1C44 /* AddTaskViewController.swift in Sources */ = {isa = PBXBuildFile; fileRef = 0652170922E7D22400DC1C44 /* AddTaskViewController.swift */; };
		0652171E22E91FF000DC1C44 /* HomeTableViewCell.swift in Sources */ = {isa = PBXBuildFile; fileRef = 0652171D22E91FF000DC1C44 /* HomeTableViewCell.swift */; };
		0652172022E9216A00DC1C44 /* IconCollectionViewCell.swift in Sources */ = {isa = PBXBuildFile; fileRef = 0652171F22E9216A00DC1C44 /* IconCollectionViewCell.swift */; };
		069B087622E7B21B000FD048 /* PersistenceService.swift in Sources */ = {isa = PBXBuildFile; fileRef = 069B087522E7B21B000FD048 /* PersistenceService.swift */; };
		62082B5022EF853700196FA8 /* User+CoreDataClass.swift in Sources */ = {isa = PBXBuildFile; fileRef = 62082B4A22EF853700196FA8 /* User+CoreDataClass.swift */; };
		62082B5122EF853700196FA8 /* User+CoreDataProperties.swift in Sources */ = {isa = PBXBuildFile; fileRef = 62082B4B22EF853700196FA8 /* User+CoreDataProperties.swift */; };
		62082B5222EF853700196FA8 /* Goal+CoreDataClass.swift in Sources */ = {isa = PBXBuildFile; fileRef = 62082B4C22EF853700196FA8 /* Goal+CoreDataClass.swift */; };
		62082B5322EF853700196FA8 /* Goal+CoreDataProperties.swift in Sources */ = {isa = PBXBuildFile; fileRef = 62082B4D22EF853700196FA8 /* Goal+CoreDataProperties.swift */; };
		62082B5422EF853700196FA8 /* Task+CoreDataClass.swift in Sources */ = {isa = PBXBuildFile; fileRef = 62082B4E22EF853700196FA8 /* Task+CoreDataClass.swift */; };
		62082B5522EF853700196FA8 /* Task+CoreDataProperties.swift in Sources */ = {isa = PBXBuildFile; fileRef = 62082B4F22EF853700196FA8 /* Task+CoreDataProperties.swift */; };
		62082B5822EF892D00196FA8 /* OverviewViewController.swift in Sources */ = {isa = PBXBuildFile; fileRef = 62082B5722EF892D00196FA8 /* OverviewViewController.swift */; };
		624F4F8322EE4E2000D15F96 /* PausePlayButton.swift in Sources */ = {isa = PBXBuildFile; fileRef = 624F4F8222EE4E2000D15F96 /* PausePlayButton.swift */; };
		624F4F8C22EF79F300D15F96 /* Int+Timer.swift in Sources */ = {isa = PBXBuildFile; fileRef = 624F4F8B22EF79F300D15F96 /* Int+Timer.swift */; };
		624F4F8E22EF7A3D00D15F96 /* PreviousSessionCell.swift in Sources */ = {isa = PBXBuildFile; fileRef = 624F4F8D22EF7A3D00D15F96 /* PreviousSessionCell.swift */; };
		629AC69622ED1F85000C137C /* ChangeToday.storyboard in Resources */ = {isa = PBXBuildFile; fileRef = 629AC69522ED1F85000C137C /* ChangeToday.storyboard */; };
		629AC69822ED1FE1000C137C /* TodayViewController.swift in Sources */ = {isa = PBXBuildFile; fileRef = 629AC69722ED1FE1000C137C /* TodayViewController.swift */; };
		629AC69A22ED20B0000C137C /* TaskCell.swift in Sources */ = {isa = PBXBuildFile; fileRef = 629AC69922ED20B0000C137C /* TaskCell.swift */; };
		629AC69C22ED2D9F000C137C /* FocusViewController.swift in Sources */ = {isa = PBXBuildFile; fileRef = 629AC69B22ED2D9F000C137C /* FocusViewController.swift */; };
		629AC69F22ED2E6B000C137C /* SettingsTestViewController.swift in Sources */ = {isa = PBXBuildFile; fileRef = 629AC69E22ED2E6B000C137C /* SettingsTestViewController.swift */; };
		629AC6A122ED2EDD000C137C /* GoalTestViewController.swift in Sources */ = {isa = PBXBuildFile; fileRef = 629AC6A022ED2EDD000C137C /* GoalTestViewController.swift */; };
		629AC6A722ED7D9F000C137C /* TodayFlowLayout.swift in Sources */ = {isa = PBXBuildFile; fileRef = 629AC6A622ED7D9F000C137C /* TodayFlowLayout.swift */; };
		9C6C83CB22EBD83300078DFF /* HiFi.storyboard in Resources */ = {isa = PBXBuildFile; fileRef = 9C6C83CA22EBD83300078DFF /* HiFi.storyboard */; };
		9CD53FC122E0007100210C0F /* AppDelegate.swift in Sources */ = {isa = PBXBuildFile; fileRef = 9CD53FC022E0007100210C0F /* AppDelegate.swift */; };
		9CD53FCB22E0007100210C0F /* Main.storyboard in Resources */ = {isa = PBXBuildFile; fileRef = 9CD53FC922E0007100210C0F /* Main.storyboard */; };
		9CD53FCD22E0007200210C0F /* Assets.xcassets in Resources */ = {isa = PBXBuildFile; fileRef = 9CD53FCC22E0007200210C0F /* Assets.xcassets */; };
		9CD53FD022E0007200210C0F /* LaunchScreen.storyboard in Resources */ = {isa = PBXBuildFile; fileRef = 9CD53FCE22E0007200210C0F /* LaunchScreen.storyboard */; };
		9CD53FDB22E0007200210C0F /* Mastery_iOSTests.swift in Sources */ = {isa = PBXBuildFile; fileRef = 9CD53FDA22E0007200210C0F /* Mastery_iOSTests.swift */; };
		9CD53FE622E0007200210C0F /* Mastery_iOSUITests.swift in Sources */ = {isa = PBXBuildFile; fileRef = 9CD53FE522E0007200210C0F /* Mastery_iOSUITests.swift */; };
/* End PBXBuildFile section */

/* Begin PBXContainerItemProxy section */
		9CD53FD722E0007200210C0F /* PBXContainerItemProxy */ = {
			isa = PBXContainerItemProxy;
			containerPortal = 9CD53FB522E0007100210C0F /* Project object */;
			proxyType = 1;
			remoteGlobalIDString = 9CD53FBC22E0007100210C0F;
			remoteInfo = Mastery_iOS;
		};
		9CD53FE222E0007200210C0F /* PBXContainerItemProxy */ = {
			isa = PBXContainerItemProxy;
			containerPortal = 9CD53FB522E0007100210C0F /* Project object */;
			proxyType = 1;
			remoteGlobalIDString = 9CD53FBC22E0007100210C0F;
			remoteInfo = Mastery_iOS;
		};
/* End PBXContainerItemProxy section */

/* Begin PBXFileReference section */
		061099F322E94D3D00A9DC7A /* DynamicHeightCollectionView.swift */ = {isa = PBXFileReference; lastKnownFileType = sourcecode.swift; path = DynamicHeightCollectionView.swift; sourceTree = "<group>"; };
		06109A0122EA52D500A9DC7A /* DetailedTaskViewController.swift */ = {isa = PBXFileReference; lastKnownFileType = sourcecode.swift; path = DetailedTaskViewController.swift; sourceTree = "<group>"; };
		06109A0322EA5CC900A9DC7A /* AddAnotherTaskViewController.swift */ = {isa = PBXFileReference; lastKnownFileType = sourcecode.swift; path = AddAnotherTaskViewController.swift; sourceTree = "<group>"; };
		065216E922E7B66300DC1C44 /* Mastery_iOS.xcdatamodel */ = {isa = PBXFileReference; lastKnownFileType = wrapper.xcdatamodel; path = Mastery_iOS.xcdatamodel; sourceTree = "<group>"; };
		065216FD22E7BB6100DC1C44 /* GoalListTableViewController.swift */ = {isa = PBXFileReference; lastKnownFileType = sourcecode.swift; path = GoalListTableViewController.swift; sourceTree = "<group>"; };
		065216FF22E7BBB700DC1C44 /* AddGoalViewController.swift */ = {isa = PBXFileReference; lastKnownFileType = sourcecode.swift; path = AddGoalViewController.swift; sourceTree = "<group>"; };
		0652170122E7BBC700DC1C44 /* AddGoalDetailsViewController.swift */ = {isa = PBXFileReference; lastKnownFileType = sourcecode.swift; path = AddGoalDetailsViewController.swift; sourceTree = "<group>"; };
		0652170922E7D22400DC1C44 /* AddTaskViewController.swift */ = {isa = PBXFileReference; lastKnownFileType = sourcecode.swift; path = AddTaskViewController.swift; sourceTree = "<group>"; };
		0652171D22E91FF000DC1C44 /* HomeTableViewCell.swift */ = {isa = PBXFileReference; lastKnownFileType = sourcecode.swift; name = HomeTableViewCell.swift; path = ../HomeTableViewCell.swift; sourceTree = "<group>"; };
		0652171F22E9216A00DC1C44 /* IconCollectionViewCell.swift */ = {isa = PBXFileReference; lastKnownFileType = sourcecode.swift; path = IconCollectionViewCell.swift; sourceTree = "<group>"; };
		069B087522E7B21B000FD048 /* PersistenceService.swift */ = {isa = PBXFileReference; lastKnownFileType = sourcecode.swift; path = PersistenceService.swift; sourceTree = "<group>"; };
		62082B4A22EF853700196FA8 /* User+CoreDataClass.swift */ = {isa = PBXFileReference; lastKnownFileType = sourcecode.swift; path = "User+CoreDataClass.swift"; sourceTree = "<group>"; };
		62082B4B22EF853700196FA8 /* User+CoreDataProperties.swift */ = {isa = PBXFileReference; lastKnownFileType = sourcecode.swift; path = "User+CoreDataProperties.swift"; sourceTree = "<group>"; };
		62082B4C22EF853700196FA8 /* Goal+CoreDataClass.swift */ = {isa = PBXFileReference; lastKnownFileType = sourcecode.swift; path = "Goal+CoreDataClass.swift"; sourceTree = "<group>"; };
		62082B4D22EF853700196FA8 /* Goal+CoreDataProperties.swift */ = {isa = PBXFileReference; lastKnownFileType = sourcecode.swift; path = "Goal+CoreDataProperties.swift"; sourceTree = "<group>"; };
		62082B4E22EF853700196FA8 /* Task+CoreDataClass.swift */ = {isa = PBXFileReference; lastKnownFileType = sourcecode.swift; path = "Task+CoreDataClass.swift"; sourceTree = "<group>"; };
		62082B4F22EF853700196FA8 /* Task+CoreDataProperties.swift */ = {isa = PBXFileReference; lastKnownFileType = sourcecode.swift; path = "Task+CoreDataProperties.swift"; sourceTree = "<group>"; };
		62082B5722EF892D00196FA8 /* OverviewViewController.swift */ = {isa = PBXFileReference; lastKnownFileType = sourcecode.swift; path = OverviewViewController.swift; sourceTree = "<group>"; };
		624F4F8222EE4E2000D15F96 /* PausePlayButton.swift */ = {isa = PBXFileReference; lastKnownFileType = sourcecode.swift; name = PausePlayButton.swift; path = Mastery_iOS/ChangeFocus/PausePlayButton.swift; sourceTree = SOURCE_ROOT; };
		624F4F8B22EF79F300D15F96 /* Int+Timer.swift */ = {isa = PBXFileReference; fileEncoding = 4; lastKnownFileType = sourcecode.swift; path = "Int+Timer.swift"; sourceTree = "<group>"; };
		624F4F8D22EF7A3D00D15F96 /* PreviousSessionCell.swift */ = {isa = PBXFileReference; lastKnownFileType = sourcecode.swift; name = PreviousSessionCell.swift; path = "/Users/camsteezin/Desktop/Developer/Lighthouse/Final Project/Mastery/Development Files/Mastery_iOS/Mastery_iOS/ChangeFocus/PreviousSessionCell.swift"; sourceTree = "<absolute>"; };
		629AC69522ED1F85000C137C /* ChangeToday.storyboard */ = {isa = PBXFileReference; lastKnownFileType = file.storyboard; path = ChangeToday.storyboard; sourceTree = "<group>"; };
		629AC69722ED1FE1000C137C /* TodayViewController.swift */ = {isa = PBXFileReference; lastKnownFileType = sourcecode.swift; path = TodayViewController.swift; sourceTree = "<group>"; };
		629AC69922ED20B0000C137C /* TaskCell.swift */ = {isa = PBXFileReference; lastKnownFileType = sourcecode.swift; path = TaskCell.swift; sourceTree = "<group>"; };
		629AC69B22ED2D9F000C137C /* FocusViewController.swift */ = {isa = PBXFileReference; lastKnownFileType = sourcecode.swift; path = FocusViewController.swift; sourceTree = "<group>"; };
		629AC69E22ED2E6B000C137C /* SettingsTestViewController.swift */ = {isa = PBXFileReference; lastKnownFileType = sourcecode.swift; path = SettingsTestViewController.swift; sourceTree = "<group>"; };
		629AC6A022ED2EDD000C137C /* GoalTestViewController.swift */ = {isa = PBXFileReference; lastKnownFileType = sourcecode.swift; path = GoalTestViewController.swift; sourceTree = "<group>"; };
		629AC6A622ED7D9F000C137C /* TodayFlowLayout.swift */ = {isa = PBXFileReference; lastKnownFileType = sourcecode.swift; path = TodayFlowLayout.swift; sourceTree = "<group>"; };
		9C6C83CA22EBD83300078DFF /* HiFi.storyboard */ = {isa = PBXFileReference; lastKnownFileType = file.storyboard; path = HiFi.storyboard; sourceTree = "<group>"; };
		9CD53FBD22E0007100210C0F /* Mastery_iOS.app */ = {isa = PBXFileReference; explicitFileType = wrapper.application; includeInIndex = 0; path = Mastery_iOS.app; sourceTree = BUILT_PRODUCTS_DIR; };
		9CD53FC022E0007100210C0F /* AppDelegate.swift */ = {isa = PBXFileReference; lastKnownFileType = sourcecode.swift; path = AppDelegate.swift; sourceTree = "<group>"; };
		9CD53FCA22E0007100210C0F /* Base */ = {isa = PBXFileReference; lastKnownFileType = file.storyboard; name = Base; path = Base.lproj/Main.storyboard; sourceTree = "<group>"; };
		9CD53FCC22E0007200210C0F /* Assets.xcassets */ = {isa = PBXFileReference; lastKnownFileType = folder.assetcatalog; path = Assets.xcassets; sourceTree = "<group>"; };
		9CD53FCF22E0007200210C0F /* Base */ = {isa = PBXFileReference; lastKnownFileType = file.storyboard; name = Base; path = Base.lproj/LaunchScreen.storyboard; sourceTree = "<group>"; };
		9CD53FD122E0007200210C0F /* Info.plist */ = {isa = PBXFileReference; lastKnownFileType = text.plist.xml; path = Info.plist; sourceTree = "<group>"; };
		9CD53FD622E0007200210C0F /* Mastery_iOSTests.xctest */ = {isa = PBXFileReference; explicitFileType = wrapper.cfbundle; includeInIndex = 0; path = Mastery_iOSTests.xctest; sourceTree = BUILT_PRODUCTS_DIR; };
		9CD53FDA22E0007200210C0F /* Mastery_iOSTests.swift */ = {isa = PBXFileReference; lastKnownFileType = sourcecode.swift; path = Mastery_iOSTests.swift; sourceTree = "<group>"; };
		9CD53FDC22E0007200210C0F /* Info.plist */ = {isa = PBXFileReference; lastKnownFileType = text.plist.xml; path = Info.plist; sourceTree = "<group>"; };
		9CD53FE122E0007200210C0F /* Mastery_iOSUITests.xctest */ = {isa = PBXFileReference; explicitFileType = wrapper.cfbundle; includeInIndex = 0; path = Mastery_iOSUITests.xctest; sourceTree = BUILT_PRODUCTS_DIR; };
		9CD53FE522E0007200210C0F /* Mastery_iOSUITests.swift */ = {isa = PBXFileReference; lastKnownFileType = sourcecode.swift; path = Mastery_iOSUITests.swift; sourceTree = "<group>"; };
		9CD53FE722E0007200210C0F /* Info.plist */ = {isa = PBXFileReference; lastKnownFileType = text.plist.xml; path = Info.plist; sourceTree = "<group>"; };
/* End PBXFileReference section */

/* Begin PBXFrameworksBuildPhase section */
		9CD53FBA22E0007100210C0F /* Frameworks */ = {
			isa = PBXFrameworksBuildPhase;
			buildActionMask = 2147483647;
			files = (
			);
			runOnlyForDeploymentPostprocessing = 0;
		};
		9CD53FD322E0007200210C0F /* Frameworks */ = {
			isa = PBXFrameworksBuildPhase;
			buildActionMask = 2147483647;
			files = (
			);
			runOnlyForDeploymentPostprocessing = 0;
		};
		9CD53FDE22E0007200210C0F /* Frameworks */ = {
			isa = PBXFrameworksBuildPhase;
			buildActionMask = 2147483647;
			files = (
			);
			runOnlyForDeploymentPostprocessing = 0;
		};
/* End PBXFrameworksBuildPhase section */

/* Begin PBXGroup section */
		065216FC22E7BA8F00DC1C44 /* CoreDataProperties */ = {
			isa = PBXGroup;
			children = (
				62082B4A22EF853700196FA8 /* User+CoreDataClass.swift */,
				62082B4B22EF853700196FA8 /* User+CoreDataProperties.swift */,
				62082B4C22EF853700196FA8 /* Goal+CoreDataClass.swift */,
				62082B4D22EF853700196FA8 /* Goal+CoreDataProperties.swift */,
				62082B4E22EF853700196FA8 /* Task+CoreDataClass.swift */,
				62082B4F22EF853700196FA8 /* Task+CoreDataProperties.swift */,
				069B087522E7B21B000FD048 /* PersistenceService.swift */,
			);
			path = CoreDataProperties;
			sourceTree = "<group>";
		};
		62082B5622EF890300196FA8 /* ChangeOverview */ = {
			isa = PBXGroup;
			children = (
				62082B5722EF892D00196FA8 /* OverviewViewController.swift */,
			);
			path = ChangeOverview;
			sourceTree = "<group>";
		};
		624F4F8A22EF79B400D15F96 /* Extensions */ = {
			isa = PBXGroup;
			children = (
				624F4F8B22EF79F300D15F96 /* Int+Timer.swift */,
			);
			path = Extensions;
			sourceTree = "<group>";
		};
		629AC69D22ED2DA5000C137C /* ChangeFocus */ = {
			isa = PBXGroup;
			children = (
				624F4F8D22EF7A3D00D15F96 /* PreviousSessionCell.swift */,
				624F4F8222EE4E2000D15F96 /* PausePlayButton.swift */,
				629AC69B22ED2D9F000C137C /* FocusViewController.swift */,
			);
			path = ChangeFocus;
			sourceTree = "<group>";
		};
		629D230322EAAAAE005CF92D /* ChangeToday */ = {
			isa = PBXGroup;
			children = (
				629AC69522ED1F85000C137C /* ChangeToday.storyboard */,
				629AC6A622ED7D9F000C137C /* TodayFlowLayout.swift */,
				629AC69922ED20B0000C137C /* TaskCell.swift */,
				629AC69722ED1FE1000C137C /* TodayViewController.swift */,
				629AC6A022ED2EDD000C137C /* GoalTestViewController.swift */,
				629AC69E22ED2E6B000C137C /* SettingsTestViewController.swift */,
			);
			path = ChangeToday;
			sourceTree = "<group>";
		};
		9C6C83CC22EBDD1800078DFF /* View Controllers */ = {
			isa = PBXGroup;
			children = (
			);
			path = "View Controllers";
			sourceTree = "<group>";
		};
		9CD53FB422E0007100210C0F = {
			isa = PBXGroup;
			children = (
				9CD53FBF22E0007100210C0F /* Mastery_iOS */,
				9CD53FD922E0007200210C0F /* Mastery_iOSTests */,
				9CD53FE422E0007200210C0F /* Mastery_iOSUITests */,
				9CD53FBE22E0007100210C0F /* Products */,
			);
			sourceTree = "<group>";
		};
		9CD53FBE22E0007100210C0F /* Products */ = {
			isa = PBXGroup;
			children = (
				9CD53FBD22E0007100210C0F /* Mastery_iOS.app */,
				9CD53FD622E0007200210C0F /* Mastery_iOSTests.xctest */,
				9CD53FE122E0007200210C0F /* Mastery_iOSUITests.xctest */,
			);
			name = Products;
			sourceTree = "<group>";
		};
		9CD53FBF22E0007100210C0F /* Mastery_iOS */ = {
			isa = PBXGroup;
			children = (
				065216FC22E7BA8F00DC1C44 /* CoreDataProperties */,
				9CD53FC022E0007100210C0F /* AppDelegate.swift */,
				0652171D22E91FF000DC1C44 /* HomeTableViewCell.swift */,
				061099F322E94D3D00A9DC7A /* DynamicHeightCollectionView.swift */,
				0652171F22E9216A00DC1C44 /* IconCollectionViewCell.swift */,
				065216FD22E7BB6100DC1C44 /* GoalListTableViewController.swift */,
				065216FF22E7BBB700DC1C44 /* AddGoalViewController.swift */,
				0652170122E7BBC700DC1C44 /* AddGoalDetailsViewController.swift */,
				0652170922E7D22400DC1C44 /* AddTaskViewController.swift */,
				06109A0122EA52D500A9DC7A /* DetailedTaskViewController.swift */,
				06109A0322EA5CC900A9DC7A /* AddAnotherTaskViewController.swift */,
				9CD53FC922E0007100210C0F /* Main.storyboard */,
				9C6C83CA22EBD83300078DFF /* HiFi.storyboard */,
				624F4F8A22EF79B400D15F96 /* Extensions */,
				9C6C83CC22EBDD1800078DFF /* View Controllers */,
				629D230322EAAAAE005CF92D /* ChangeToday */,
				629AC69D22ED2DA5000C137C /* ChangeFocus */,
				62082B5622EF890300196FA8 /* ChangeOverview */,
				9CD53FCC22E0007200210C0F /* Assets.xcassets */,
				9CD53FCE22E0007200210C0F /* LaunchScreen.storyboard */,
				9CD53FD122E0007200210C0F /* Info.plist */,
				065216E822E7B66300DC1C44 /* Mastery_iOS.xcdatamodeld */,
			);
			path = Mastery_iOS;
			sourceTree = "<group>";
		};
		9CD53FD922E0007200210C0F /* Mastery_iOSTests */ = {
			isa = PBXGroup;
			children = (
				9CD53FDA22E0007200210C0F /* Mastery_iOSTests.swift */,
				9CD53FDC22E0007200210C0F /* Info.plist */,
			);
			path = Mastery_iOSTests;
			sourceTree = "<group>";
		};
		9CD53FE422E0007200210C0F /* Mastery_iOSUITests */ = {
			isa = PBXGroup;
			children = (
				9CD53FE522E0007200210C0F /* Mastery_iOSUITests.swift */,
				9CD53FE722E0007200210C0F /* Info.plist */,
			);
			path = Mastery_iOSUITests;
			sourceTree = "<group>";
		};
/* End PBXGroup section */

/* Begin PBXNativeTarget section */
		9CD53FBC22E0007100210C0F /* Mastery_iOS */ = {
			isa = PBXNativeTarget;
			buildConfigurationList = 9CD53FEA22E0007200210C0F /* Build configuration list for PBXNativeTarget "Mastery_iOS" */;
			buildPhases = (
				9CD53FB922E0007100210C0F /* Sources */,
				9CD53FBA22E0007100210C0F /* Frameworks */,
				9CD53FBB22E0007100210C0F /* Resources */,
			);
			buildRules = (
			);
			dependencies = (
			);
			name = Mastery_iOS;
			productName = Mastery_iOS;
			productReference = 9CD53FBD22E0007100210C0F /* Mastery_iOS.app */;
			productType = "com.apple.product-type.application";
		};
		9CD53FD522E0007200210C0F /* Mastery_iOSTests */ = {
			isa = PBXNativeTarget;
			buildConfigurationList = 9CD53FED22E0007200210C0F /* Build configuration list for PBXNativeTarget "Mastery_iOSTests" */;
			buildPhases = (
				9CD53FD222E0007200210C0F /* Sources */,
				9CD53FD322E0007200210C0F /* Frameworks */,
				9CD53FD422E0007200210C0F /* Resources */,
			);
			buildRules = (
			);
			dependencies = (
				9CD53FD822E0007200210C0F /* PBXTargetDependency */,
			);
			name = Mastery_iOSTests;
			productName = Mastery_iOSTests;
			productReference = 9CD53FD622E0007200210C0F /* Mastery_iOSTests.xctest */;
			productType = "com.apple.product-type.bundle.unit-test";
		};
		9CD53FE022E0007200210C0F /* Mastery_iOSUITests */ = {
			isa = PBXNativeTarget;
			buildConfigurationList = 9CD53FF022E0007200210C0F /* Build configuration list for PBXNativeTarget "Mastery_iOSUITests" */;
			buildPhases = (
				9CD53FDD22E0007200210C0F /* Sources */,
				9CD53FDE22E0007200210C0F /* Frameworks */,
				9CD53FDF22E0007200210C0F /* Resources */,
			);
			buildRules = (
			);
			dependencies = (
				9CD53FE322E0007200210C0F /* PBXTargetDependency */,
			);
			name = Mastery_iOSUITests;
			productName = Mastery_iOSUITests;
			productReference = 9CD53FE122E0007200210C0F /* Mastery_iOSUITests.xctest */;
			productType = "com.apple.product-type.bundle.ui-testing";
		};
/* End PBXNativeTarget section */

/* Begin PBXProject section */
		9CD53FB522E0007100210C0F /* Project object */ = {
			isa = PBXProject;
			attributes = {
				LastSwiftUpdateCheck = 1020;
				LastUpgradeCheck = 1020;
				ORGANIZATIONNAME = "Marina Mona June McPeak";
				TargetAttributes = {
					9CD53FBC22E0007100210C0F = {
						CreatedOnToolsVersion = 10.2.1;
					};
					9CD53FD522E0007200210C0F = {
						CreatedOnToolsVersion = 10.2.1;
						TestTargetID = 9CD53FBC22E0007100210C0F;
					};
					9CD53FE022E0007200210C0F = {
						CreatedOnToolsVersion = 10.2.1;
						TestTargetID = 9CD53FBC22E0007100210C0F;
					};
				};
			};
			buildConfigurationList = 9CD53FB822E0007100210C0F /* Build configuration list for PBXProject "Mastery_iOS" */;
			compatibilityVersion = "Xcode 9.3";
			developmentRegion = en;
			hasScannedForEncodings = 0;
			knownRegions = (
				en,
				Base,
			);
			mainGroup = 9CD53FB422E0007100210C0F;
			productRefGroup = 9CD53FBE22E0007100210C0F /* Products */;
			projectDirPath = "";
			projectRoot = "";
			targets = (
				9CD53FBC22E0007100210C0F /* Mastery_iOS */,
				9CD53FD522E0007200210C0F /* Mastery_iOSTests */,
				9CD53FE022E0007200210C0F /* Mastery_iOSUITests */,
			);
		};
/* End PBXProject section */

/* Begin PBXResourcesBuildPhase section */
		9CD53FBB22E0007100210C0F /* Resources */ = {
			isa = PBXResourcesBuildPhase;
			buildActionMask = 2147483647;
			files = (
				629AC69622ED1F85000C137C /* ChangeToday.storyboard in Resources */,
				9CD53FD022E0007200210C0F /* LaunchScreen.storyboard in Resources */,
				9CD53FCD22E0007200210C0F /* Assets.xcassets in Resources */,
				9CD53FCB22E0007100210C0F /* Main.storyboard in Resources */,
				9C6C83CB22EBD83300078DFF /* HiFi.storyboard in Resources */,
			);
			runOnlyForDeploymentPostprocessing = 0;
		};
		9CD53FD422E0007200210C0F /* Resources */ = {
			isa = PBXResourcesBuildPhase;
			buildActionMask = 2147483647;
			files = (
			);
			runOnlyForDeploymentPostprocessing = 0;
		};
		9CD53FDF22E0007200210C0F /* Resources */ = {
			isa = PBXResourcesBuildPhase;
			buildActionMask = 2147483647;
			files = (
			);
			runOnlyForDeploymentPostprocessing = 0;
		};
/* End PBXResourcesBuildPhase section */

/* Begin PBXSourcesBuildPhase section */
		9CD53FB922E0007100210C0F /* Sources */ = {
			isa = PBXSourcesBuildPhase;
			buildActionMask = 2147483647;
			files = (
				0652170A22E7D22400DC1C44 /* AddTaskViewController.swift in Sources */,
				629AC6A122ED2EDD000C137C /* GoalTestViewController.swift in Sources */,
				62082B5122EF853700196FA8 /* User+CoreDataProperties.swift in Sources */,
				629AC69F22ED2E6B000C137C /* SettingsTestViewController.swift in Sources */,
				629AC69A22ED20B0000C137C /* TaskCell.swift in Sources */,
				0652170022E7BBB700DC1C44 /* AddGoalViewController.swift in Sources */,
				06109A0422EA5CC900A9DC7A /* AddAnotherTaskViewController.swift in Sources */,
				62082B5022EF853700196FA8 /* User+CoreDataClass.swift in Sources */,
				62082B5322EF853700196FA8 /* Goal+CoreDataProperties.swift in Sources */,
				0652170222E7BBC700DC1C44 /* AddGoalDetailsViewController.swift in Sources */,
				62082B5422EF853700196FA8 /* Task+CoreDataClass.swift in Sources */,
				0652171E22E91FF000DC1C44 /* HomeTableViewCell.swift in Sources */,
				624F4F8C22EF79F300D15F96 /* Int+Timer.swift in Sources */,
				06109A0222EA52D500A9DC7A /* DetailedTaskViewController.swift in Sources */,
				061099F422E94D3D00A9DC7A /* DynamicHeightCollectionView.swift in Sources */,
				629AC69C22ED2D9F000C137C /* FocusViewController.swift in Sources */,
				9CD53FC122E0007100210C0F /* AppDelegate.swift in Sources */,
				62082B5222EF853700196FA8 /* Goal+CoreDataClass.swift in Sources */,
				62082B5522EF853700196FA8 /* Task+CoreDataProperties.swift in Sources */,
				629AC69822ED1FE1000C137C /* TodayViewController.swift in Sources */,
				62082B5822EF892D00196FA8 /* OverviewViewController.swift in Sources */,
				065216FE22E7BB6100DC1C44 /* GoalListTableViewController.swift in Sources */,
				629AC6A722ED7D9F000C137C /* TodayFlowLayout.swift in Sources */,
				624F4F8E22EF7A3D00D15F96 /* PreviousSessionCell.swift in Sources */,
				624F4F8322EE4E2000D15F96 /* PausePlayButton.swift in Sources */,
				0652172022E9216A00DC1C44 /* IconCollectionViewCell.swift in Sources */,
				065216EA22E7B66300DC1C44 /* Mastery_iOS.xcdatamodeld in Sources */,
				069B087622E7B21B000FD048 /* PersistenceService.swift in Sources */,
			);
			runOnlyForDeploymentPostprocessing = 0;
		};
		9CD53FD222E0007200210C0F /* Sources */ = {
			isa = PBXSourcesBuildPhase;
			buildActionMask = 2147483647;
			files = (
				9CD53FDB22E0007200210C0F /* Mastery_iOSTests.swift in Sources */,
			);
			runOnlyForDeploymentPostprocessing = 0;
		};
		9CD53FDD22E0007200210C0F /* Sources */ = {
			isa = PBXSourcesBuildPhase;
			buildActionMask = 2147483647;
			files = (
				9CD53FE622E0007200210C0F /* Mastery_iOSUITests.swift in Sources */,
			);
			runOnlyForDeploymentPostprocessing = 0;
		};
/* End PBXSourcesBuildPhase section */

/* Begin PBXTargetDependency section */
		9CD53FD822E0007200210C0F /* PBXTargetDependency */ = {
			isa = PBXTargetDependency;
			target = 9CD53FBC22E0007100210C0F /* Mastery_iOS */;
			targetProxy = 9CD53FD722E0007200210C0F /* PBXContainerItemProxy */;
		};
		9CD53FE322E0007200210C0F /* PBXTargetDependency */ = {
			isa = PBXTargetDependency;
			target = 9CD53FBC22E0007100210C0F /* Mastery_iOS */;
			targetProxy = 9CD53FE222E0007200210C0F /* PBXContainerItemProxy */;
		};
/* End PBXTargetDependency section */

/* Begin PBXVariantGroup section */
		9CD53FC922E0007100210C0F /* Main.storyboard */ = {
			isa = PBXVariantGroup;
			children = (
				9CD53FCA22E0007100210C0F /* Base */,
			);
			name = Main.storyboard;
			sourceTree = "<group>";
		};
		9CD53FCE22E0007200210C0F /* LaunchScreen.storyboard */ = {
			isa = PBXVariantGroup;
			children = (
				9CD53FCF22E0007200210C0F /* Base */,
			);
			name = LaunchScreen.storyboard;
			sourceTree = "<group>";
		};
/* End PBXVariantGroup section */

/* Begin XCBuildConfiguration section */
		9CD53FE822E0007200210C0F /* Debug */ = {
			isa = XCBuildConfiguration;
			buildSettings = {
				ALWAYS_SEARCH_USER_PATHS = NO;
				CLANG_ANALYZER_NONNULL = YES;
				CLANG_ANALYZER_NUMBER_OBJECT_CONVERSION = YES_AGGRESSIVE;
				CLANG_CXX_LANGUAGE_STANDARD = "gnu++14";
				CLANG_CXX_LIBRARY = "libc++";
				CLANG_ENABLE_MODULES = YES;
				CLANG_ENABLE_OBJC_ARC = YES;
				CLANG_ENABLE_OBJC_WEAK = YES;
				CLANG_WARN_BLOCK_CAPTURE_AUTORELEASING = YES;
				CLANG_WARN_BOOL_CONVERSION = YES;
				CLANG_WARN_COMMA = YES;
				CLANG_WARN_CONSTANT_CONVERSION = YES;
				CLANG_WARN_DEPRECATED_OBJC_IMPLEMENTATIONS = YES;
				CLANG_WARN_DIRECT_OBJC_ISA_USAGE = YES_ERROR;
				CLANG_WARN_DOCUMENTATION_COMMENTS = YES;
				CLANG_WARN_EMPTY_BODY = YES;
				CLANG_WARN_ENUM_CONVERSION = YES;
				CLANG_WARN_INFINITE_RECURSION = YES;
				CLANG_WARN_INT_CONVERSION = YES;
				CLANG_WARN_NON_LITERAL_NULL_CONVERSION = YES;
				CLANG_WARN_OBJC_IMPLICIT_RETAIN_SELF = YES;
				CLANG_WARN_OBJC_LITERAL_CONVERSION = YES;
				CLANG_WARN_OBJC_ROOT_CLASS = YES_ERROR;
				CLANG_WARN_RANGE_LOOP_ANALYSIS = YES;
				CLANG_WARN_STRICT_PROTOTYPES = YES;
				CLANG_WARN_SUSPICIOUS_MOVE = YES;
				CLANG_WARN_UNGUARDED_AVAILABILITY = YES_AGGRESSIVE;
				CLANG_WARN_UNREACHABLE_CODE = YES;
				CLANG_WARN__DUPLICATE_METHOD_MATCH = YES;
				CODE_SIGN_IDENTITY = "iPhone Developer";
				COPY_PHASE_STRIP = NO;
				DEBUG_INFORMATION_FORMAT = dwarf;
				ENABLE_STRICT_OBJC_MSGSEND = YES;
				ENABLE_TESTABILITY = YES;
				GCC_C_LANGUAGE_STANDARD = gnu11;
				GCC_DYNAMIC_NO_PIC = NO;
				GCC_NO_COMMON_BLOCKS = YES;
				GCC_OPTIMIZATION_LEVEL = 0;
				GCC_PREPROCESSOR_DEFINITIONS = (
					"DEBUG=1",
					"$(inherited)",
				);
				GCC_WARN_64_TO_32_BIT_CONVERSION = YES;
				GCC_WARN_ABOUT_RETURN_TYPE = YES_ERROR;
				GCC_WARN_UNDECLARED_SELECTOR = YES;
				GCC_WARN_UNINITIALIZED_AUTOS = YES_AGGRESSIVE;
				GCC_WARN_UNUSED_FUNCTION = YES;
				GCC_WARN_UNUSED_VARIABLE = YES;
				IPHONEOS_DEPLOYMENT_TARGET = 12.2;
				MTL_ENABLE_DEBUG_INFO = INCLUDE_SOURCE;
				MTL_FAST_MATH = YES;
				ONLY_ACTIVE_ARCH = YES;
				SDKROOT = iphoneos;
				SWIFT_ACTIVE_COMPILATION_CONDITIONS = DEBUG;
				SWIFT_OPTIMIZATION_LEVEL = "-Onone";
			};
			name = Debug;
		};
		9CD53FE922E0007200210C0F /* Release */ = {
			isa = XCBuildConfiguration;
			buildSettings = {
				ALWAYS_SEARCH_USER_PATHS = NO;
				CLANG_ANALYZER_NONNULL = YES;
				CLANG_ANALYZER_NUMBER_OBJECT_CONVERSION = YES_AGGRESSIVE;
				CLANG_CXX_LANGUAGE_STANDARD = "gnu++14";
				CLANG_CXX_LIBRARY = "libc++";
				CLANG_ENABLE_MODULES = YES;
				CLANG_ENABLE_OBJC_ARC = YES;
				CLANG_ENABLE_OBJC_WEAK = YES;
				CLANG_WARN_BLOCK_CAPTURE_AUTORELEASING = YES;
				CLANG_WARN_BOOL_CONVERSION = YES;
				CLANG_WARN_COMMA = YES;
				CLANG_WARN_CONSTANT_CONVERSION = YES;
				CLANG_WARN_DEPRECATED_OBJC_IMPLEMENTATIONS = YES;
				CLANG_WARN_DIRECT_OBJC_ISA_USAGE = YES_ERROR;
				CLANG_WARN_DOCUMENTATION_COMMENTS = YES;
				CLANG_WARN_EMPTY_BODY = YES;
				CLANG_WARN_ENUM_CONVERSION = YES;
				CLANG_WARN_INFINITE_RECURSION = YES;
				CLANG_WARN_INT_CONVERSION = YES;
				CLANG_WARN_NON_LITERAL_NULL_CONVERSION = YES;
				CLANG_WARN_OBJC_IMPLICIT_RETAIN_SELF = YES;
				CLANG_WARN_OBJC_LITERAL_CONVERSION = YES;
				CLANG_WARN_OBJC_ROOT_CLASS = YES_ERROR;
				CLANG_WARN_RANGE_LOOP_ANALYSIS = YES;
				CLANG_WARN_STRICT_PROTOTYPES = YES;
				CLANG_WARN_SUSPICIOUS_MOVE = YES;
				CLANG_WARN_UNGUARDED_AVAILABILITY = YES_AGGRESSIVE;
				CLANG_WARN_UNREACHABLE_CODE = YES;
				CLANG_WARN__DUPLICATE_METHOD_MATCH = YES;
				CODE_SIGN_IDENTITY = "iPhone Developer";
				COPY_PHASE_STRIP = NO;
				DEBUG_INFORMATION_FORMAT = "dwarf-with-dsym";
				ENABLE_NS_ASSERTIONS = NO;
				ENABLE_STRICT_OBJC_MSGSEND = YES;
				GCC_C_LANGUAGE_STANDARD = gnu11;
				GCC_NO_COMMON_BLOCKS = YES;
				GCC_WARN_64_TO_32_BIT_CONVERSION = YES;
				GCC_WARN_ABOUT_RETURN_TYPE = YES_ERROR;
				GCC_WARN_UNDECLARED_SELECTOR = YES;
				GCC_WARN_UNINITIALIZED_AUTOS = YES_AGGRESSIVE;
				GCC_WARN_UNUSED_FUNCTION = YES;
				GCC_WARN_UNUSED_VARIABLE = YES;
				IPHONEOS_DEPLOYMENT_TARGET = 12.2;
				MTL_ENABLE_DEBUG_INFO = NO;
				MTL_FAST_MATH = YES;
				SDKROOT = iphoneos;
				SWIFT_COMPILATION_MODE = wholemodule;
				SWIFT_OPTIMIZATION_LEVEL = "-O";
				VALIDATE_PRODUCT = YES;
			};
			name = Release;
		};
		9CD53FEB22E0007200210C0F /* Debug */ = {
			isa = XCBuildConfiguration;
			buildSettings = {
				ASSETCATALOG_COMPILER_APPICON_NAME = AppIcon;
				CODE_SIGN_STYLE = Automatic;
				DEVELOPMENT_TEAM = 79VHH58USY;
				INFOPLIST_FILE = Mastery_iOS/Info.plist;
				LD_RUNPATH_SEARCH_PATHS = (
					"$(inherited)",
					"@executable_path/Frameworks",
				);
				PRODUCT_BUNDLE_IDENTIFIER = "com.MarinaMcPeak.Mastery-iOS";
				PRODUCT_NAME = "$(TARGET_NAME)";
				SWIFT_VERSION = 5.0;
				TARGETED_DEVICE_FAMILY = "1,2";
			};
			name = Debug;
		};
		9CD53FEC22E0007200210C0F /* Release */ = {
			isa = XCBuildConfiguration;
			buildSettings = {
				ASSETCATALOG_COMPILER_APPICON_NAME = AppIcon;
				CODE_SIGN_STYLE = Automatic;
				DEVELOPMENT_TEAM = 79VHH58USY;
				INFOPLIST_FILE = Mastery_iOS/Info.plist;
				LD_RUNPATH_SEARCH_PATHS = (
					"$(inherited)",
					"@executable_path/Frameworks",
				);
				PRODUCT_BUNDLE_IDENTIFIER = "com.MarinaMcPeak.Mastery-iOS";
				PRODUCT_NAME = "$(TARGET_NAME)";
				SWIFT_VERSION = 5.0;
				TARGETED_DEVICE_FAMILY = "1,2";
			};
			name = Release;
		};
		9CD53FEE22E0007200210C0F /* Debug */ = {
			isa = XCBuildConfiguration;
			buildSettings = {
				ALWAYS_EMBED_SWIFT_STANDARD_LIBRARIES = YES;
				BUNDLE_LOADER = "$(TEST_HOST)";
				CODE_SIGN_STYLE = Automatic;
				DEVELOPMENT_TEAM = 69CPQG929Z;
				INFOPLIST_FILE = Mastery_iOSTests/Info.plist;
				LD_RUNPATH_SEARCH_PATHS = (
					"$(inherited)",
					"@executable_path/Frameworks",
					"@loader_path/Frameworks",
				);
				PRODUCT_BUNDLE_IDENTIFIER = "com.MarinaMcPeak.Mastery-iOSTests";
				PRODUCT_NAME = "$(TARGET_NAME)";
				SWIFT_VERSION = 5.0;
				TARGETED_DEVICE_FAMILY = "1,2";
				TEST_HOST = "$(BUILT_PRODUCTS_DIR)/Mastery_iOS.app/Mastery_iOS";
			};
			name = Debug;
		};
		9CD53FEF22E0007200210C0F /* Release */ = {
			isa = XCBuildConfiguration;
			buildSettings = {
				ALWAYS_EMBED_SWIFT_STANDARD_LIBRARIES = YES;
				BUNDLE_LOADER = "$(TEST_HOST)";
				CODE_SIGN_STYLE = Automatic;
				DEVELOPMENT_TEAM = 69CPQG929Z;
				INFOPLIST_FILE = Mastery_iOSTests/Info.plist;
				LD_RUNPATH_SEARCH_PATHS = (
					"$(inherited)",
					"@executable_path/Frameworks",
					"@loader_path/Frameworks",
				);
				PRODUCT_BUNDLE_IDENTIFIER = "com.MarinaMcPeak.Mastery-iOSTests";
				PRODUCT_NAME = "$(TARGET_NAME)";
				SWIFT_VERSION = 5.0;
				TARGETED_DEVICE_FAMILY = "1,2";
				TEST_HOST = "$(BUILT_PRODUCTS_DIR)/Mastery_iOS.app/Mastery_iOS";
			};
			name = Release;
		};
		9CD53FF122E0007200210C0F /* Debug */ = {
			isa = XCBuildConfiguration;
			buildSettings = {
				ALWAYS_EMBED_SWIFT_STANDARD_LIBRARIES = YES;
				CODE_SIGN_STYLE = Automatic;
				DEVELOPMENT_TEAM = 69CPQG929Z;
				INFOPLIST_FILE = Mastery_iOSUITests/Info.plist;
				LD_RUNPATH_SEARCH_PATHS = (
					"$(inherited)",
					"@executable_path/Frameworks",
					"@loader_path/Frameworks",
				);
				PRODUCT_BUNDLE_IDENTIFIER = "com.MarinaMcPeak.Mastery-iOSUITests";
				PRODUCT_NAME = "$(TARGET_NAME)";
				SWIFT_VERSION = 5.0;
				TARGETED_DEVICE_FAMILY = "1,2";
				TEST_TARGET_NAME = Mastery_iOS;
			};
			name = Debug;
		};
		9CD53FF222E0007200210C0F /* Release */ = {
			isa = XCBuildConfiguration;
			buildSettings = {
				ALWAYS_EMBED_SWIFT_STANDARD_LIBRARIES = YES;
				CODE_SIGN_STYLE = Automatic;
				DEVELOPMENT_TEAM = 69CPQG929Z;
				INFOPLIST_FILE = Mastery_iOSUITests/Info.plist;
				LD_RUNPATH_SEARCH_PATHS = (
					"$(inherited)",
					"@executable_path/Frameworks",
					"@loader_path/Frameworks",
				);
				PRODUCT_BUNDLE_IDENTIFIER = "com.MarinaMcPeak.Mastery-iOSUITests";
				PRODUCT_NAME = "$(TARGET_NAME)";
				SWIFT_VERSION = 5.0;
				TARGETED_DEVICE_FAMILY = "1,2";
				TEST_TARGET_NAME = Mastery_iOS;
			};
			name = Release;
		};
/* End XCBuildConfiguration section */

/* Begin XCConfigurationList section */
		9CD53FB822E0007100210C0F /* Build configuration list for PBXProject "Mastery_iOS" */ = {
			isa = XCConfigurationList;
			buildConfigurations = (
				9CD53FE822E0007200210C0F /* Debug */,
				9CD53FE922E0007200210C0F /* Release */,
			);
			defaultConfigurationIsVisible = 0;
			defaultConfigurationName = Release;
		};
		9CD53FEA22E0007200210C0F /* Build configuration list for PBXNativeTarget "Mastery_iOS" */ = {
			isa = XCConfigurationList;
			buildConfigurations = (
				9CD53FEB22E0007200210C0F /* Debug */,
				9CD53FEC22E0007200210C0F /* Release */,
			);
			defaultConfigurationIsVisible = 0;
			defaultConfigurationName = Release;
		};
		9CD53FED22E0007200210C0F /* Build configuration list for PBXNativeTarget "Mastery_iOSTests" */ = {
			isa = XCConfigurationList;
			buildConfigurations = (
				9CD53FEE22E0007200210C0F /* Debug */,
				9CD53FEF22E0007200210C0F /* Release */,
			);
			defaultConfigurationIsVisible = 0;
			defaultConfigurationName = Release;
		};
		9CD53FF022E0007200210C0F /* Build configuration list for PBXNativeTarget "Mastery_iOSUITests" */ = {
			isa = XCConfigurationList;
			buildConfigurations = (
				9CD53FF122E0007200210C0F /* Debug */,
				9CD53FF222E0007200210C0F /* Release */,
			);
			defaultConfigurationIsVisible = 0;
			defaultConfigurationName = Release;
		};
/* End XCConfigurationList section */

/* Begin XCVersionGroup section */
		065216E822E7B66300DC1C44 /* Mastery_iOS.xcdatamodeld */ = {
			isa = XCVersionGroup;
			children = (
				065216E922E7B66300DC1C44 /* Mastery_iOS.xcdatamodel */,
			);
			currentVersion = 065216E922E7B66300DC1C44 /* Mastery_iOS.xcdatamodel */;
			path = Mastery_iOS.xcdatamodeld;
			sourceTree = "<group>";
			versionGroupType = wrapper.xcdatamodel;
		};
/* End XCVersionGroup section */
	};
	rootObject = 9CD53FB522E0007100210C0F /* Project object */;
}
