// !$*UTF8*$!
{
	archiveVersion = 1;
	classes = {
	};
	objectVersion = 50;
	objects = {

/* Begin PBXBuildFile section */
		061099F422E94D3D00A9DC7A /* DynamicHeightCollectionView.swift in Sources */ = {isa = PBXBuildFile; fileRef = 061099F322E94D3D00A9DC7A /* DynamicHeightCollectionView.swift */; };
		06109A0222EA52D500A9DC7A /* DetailedTaskViewController.swift in Sources */ = {isa = PBXBuildFile; fileRef = 06109A0122EA52D500A9DC7A /* DetailedTaskViewController.swift */; };
		06109A0422EA5CC900A9DC7A /* AddAnotherTaskViewController.swift in Sources */ = {isa = PBXBuildFile; fileRef = 06109A0322EA5CC900A9DC7A /* AddAnotherTaskViewController.swift */; };
		065216EA22E7B66300DC1C44 /* Mastery_iOS.xcdatamodeld in Sources */ = {isa = PBXBuildFile; fileRef = 065216E822E7B66300DC1C44 /* Mastery_iOS.xcdatamodeld */; };
		065216FE22E7BB6100DC1C44 /* GoalListTableViewController.swift in Sources */ = {isa = PBXBuildFile; fileRef = 065216FD22E7BB6100DC1C44 /* GoalListTableViewController.swift */; };
		0652170022E7BBB700DC1C44 /* AddGoalViewController.swift in Sources */ = {isa = PBXBuildFile; fileRef = 065216FF22E7BBB700DC1C44 /* AddGoalViewController.swift */; };
		0652170222E7BBC700DC1C44 /* AddGoalDetailsViewController.swift in Sources */ = {isa = PBXBuildFile; fileRef = 0652170122E7BBC700DC1C44 /* AddGoalDetailsViewController.swift */; };
		0652170A22E7D22400DC1C44 /* AddTaskViewController.swift in Sources */ = {isa = PBXBuildFile; fileRef = 0652170922E7D22400DC1C44 /* AddTaskViewController.swift */; };
		0652172022E9216A00DC1C44 /* IconCollectionViewCell.swift in Sources */ = {isa = PBXBuildFile; fileRef = 0652171F22E9216A00DC1C44 /* IconCollectionViewCell.swift */; };
		069B087622E7B21B000FD048 /* PersistenceService.swift in Sources */ = {isa = PBXBuildFile; fileRef = 069B087522E7B21B000FD048 /* PersistenceService.swift */; };
		62082B5822EF892D00196FA8 /* OverviewViewController.swift in Sources */ = {isa = PBXBuildFile; fileRef = 62082B5722EF892D00196FA8 /* OverviewViewController.swift */; };
		6226936222EFF01900A0A642 /* TaskIcons.bundle in Resources */ = {isa = PBXBuildFile; fileRef = 6226935C22EFEFE800A0A642 /* TaskIcons.bundle */; };
		6226936D22EFF10200A0A642 /* SelectIconCell.swift in Sources */ = {isa = PBXBuildFile; fileRef = 6226936C22EFF10200A0A642 /* SelectIconCell.swift */; };
		6226936F22EFF20600A0A642 /* SelectIconPopoverViewController.swift in Sources */ = {isa = PBXBuildFile; fileRef = 6226936E22EFF20600A0A642 /* SelectIconPopoverViewController.swift */; };
		6226937122EFF24100A0A642 /* SelectIconTest.storyboard in Resources */ = {isa = PBXBuildFile; fileRef = 6226937022EFF24100A0A642 /* SelectIconTest.storyboard */; };
		6226937922EFFF3900A0A642 /* UserNotifications.framework in Frameworks */ = {isa = PBXBuildFile; fileRef = 6226937822EFFF3900A0A642 /* UserNotifications.framework */; };
		6226937B22EFFF3900A0A642 /* UserNotificationsUI.framework in Frameworks */ = {isa = PBXBuildFile; fileRef = 6226937A22EFFF3900A0A642 /* UserNotificationsUI.framework */; };
		6226937E22EFFF3900A0A642 /* NotificationViewController.swift in Sources */ = {isa = PBXBuildFile; fileRef = 6226937D22EFFF3900A0A642 /* NotificationViewController.swift */; };
		6226938122EFFF3900A0A642 /* MainInterface.storyboard in Resources */ = {isa = PBXBuildFile; fileRef = 6226937F22EFFF3900A0A642 /* MainInterface.storyboard */; };
		6226938522EFFF3900A0A642 /* MasteryNotificationExtension.appex in Embed App Extensions */ = {isa = PBXBuildFile; fileRef = 6226937622EFFF3900A0A642 /* MasteryNotificationExtension.appex */; settings = {ATTRIBUTES = (RemoveHeadersOnCopy, ); }; };
		6226938B22F0EA8300A0A642 /* StartEndCell.swift in Sources */ = {isa = PBXBuildFile; fileRef = 6226938A22F0EA8300A0A642 /* StartEndCell.swift */; };
		624F4F8C22EF79F300D15F96 /* Int+Timer.swift in Sources */ = {isa = PBXBuildFile; fileRef = 624F4F8B22EF79F300D15F96 /* Int+Timer.swift */; };
		62586D1122EFE8D000E37F0A /* Goal+CoreDataClass.swift in Sources */ = {isa = PBXBuildFile; fileRef = 62586D0B22EFE8D000E37F0A /* Goal+CoreDataClass.swift */; };
		62586D1222EFE8D000E37F0A /* Goal+CoreDataProperties.swift in Sources */ = {isa = PBXBuildFile; fileRef = 62586D0C22EFE8D000E37F0A /* Goal+CoreDataProperties.swift */; };
		62586D1322EFE8D000E37F0A /* User+CoreDataClass.swift in Sources */ = {isa = PBXBuildFile; fileRef = 62586D0D22EFE8D000E37F0A /* User+CoreDataClass.swift */; };
		62586D1422EFE8D000E37F0A /* User+CoreDataProperties.swift in Sources */ = {isa = PBXBuildFile; fileRef = 62586D0E22EFE8D000E37F0A /* User+CoreDataProperties.swift */; };
		62586D1522EFE8D000E37F0A /* Task+CoreDataClass.swift in Sources */ = {isa = PBXBuildFile; fileRef = 62586D0F22EFE8D000E37F0A /* Task+CoreDataClass.swift */; };
		62586D1622EFE8D000E37F0A /* Task+CoreDataProperties.swift in Sources */ = {isa = PBXBuildFile; fileRef = 62586D1022EFE8D000E37F0A /* Task+CoreDataProperties.swift */; };
		62828BF622EFE84C00E96E48 /* PausePlayButton.swift in Sources */ = {isa = PBXBuildFile; fileRef = 62828BF522EFE84C00E96E48 /* PausePlayButton.swift */; };
		62828BF822EFE85000E96E48 /* PreviousSessionCell.swift in Sources */ = {isa = PBXBuildFile; fileRef = 62828BF722EFE85000E96E48 /* PreviousSessionCell.swift */; };
		629AC69622ED1F85000C137C /* ChangeToday.storyboard in Resources */ = {isa = PBXBuildFile; fileRef = 629AC69522ED1F85000C137C /* ChangeToday.storyboard */; };
		629AC69822ED1FE1000C137C /* TodayViewController.swift in Sources */ = {isa = PBXBuildFile; fileRef = 629AC69722ED1FE1000C137C /* TodayViewController.swift */; };
		629AC69A22ED20B0000C137C /* TaskCell.swift in Sources */ = {isa = PBXBuildFile; fileRef = 629AC69922ED20B0000C137C /* TaskCell.swift */; };
		629AC69C22ED2D9F000C137C /* FocusViewController.swift in Sources */ = {isa = PBXBuildFile; fileRef = 629AC69B22ED2D9F000C137C /* FocusViewController.swift */; };
		629AC69F22ED2E6B000C137C /* SettingsTestViewController.swift in Sources */ = {isa = PBXBuildFile; fileRef = 629AC69E22ED2E6B000C137C /* SettingsTestViewController.swift */; };
		629AC6A122ED2EDD000C137C /* GoalTestViewController.swift in Sources */ = {isa = PBXBuildFile; fileRef = 629AC6A022ED2EDD000C137C /* GoalTestViewController.swift */; };
		629AC6A722ED7D9F000C137C /* TodayFlowLayout.swift in Sources */ = {isa = PBXBuildFile; fileRef = 629AC6A622ED7D9F000C137C /* TodayFlowLayout.swift */; };
		62F57E5922EFEEF800AE96BB /* HomeTableViewCell.swift in Sources */ = {isa = PBXBuildFile; fileRef = 62F57E5822EFEEF800AE96BB /* HomeTableViewCell.swift */; };
		9C2908AC22ED14CA0021017D /* TaskIconWithLabel.xib in Resources */ = {isa = PBXBuildFile; fileRef = 9C2908AB22ED14CA0021017D /* TaskIconWithLabel.xib */; };
		9C2908AE22ED18A30021017D /* TaskIcon.xib in Resources */ = {isa = PBXBuildFile; fileRef = 9C2908AD22ED18A30021017D /* TaskIcon.xib */; };
		9C2908B022ED1FD90021017D /* TaskIconWithLabelView.swift in Sources */ = {isa = PBXBuildFile; fileRef = 9C2908AF22ED1FD90021017D /* TaskIconWithLabelView.swift */; };
		9C2908B222ED20000021017D /* TaskIconView.swift in Sources */ = {isa = PBXBuildFile; fileRef = 9C2908B122ED20000021017D /* TaskIconView.swift */; };
		9C2908B422ED21920021017D /* TimerAnimation.xib in Resources */ = {isa = PBXBuildFile; fileRef = 9C2908B322ED21920021017D /* TimerAnimation.xib */; };
		9C2908B622ED223A0021017D /* TimerAnimationView.swift in Sources */ = {isa = PBXBuildFile; fileRef = 9C2908B522ED223A0021017D /* TimerAnimationView.swift */; };
		9C6C83CB22EBD83300078DFF /* HiFi.storyboard in Resources */ = {isa = PBXBuildFile; fileRef = 9C6C83CA22EBD83300078DFF /* HiFi.storyboard */; };
		9CD53FC122E0007100210C0F /* AppDelegate.swift in Sources */ = {isa = PBXBuildFile; fileRef = 9CD53FC022E0007100210C0F /* AppDelegate.swift */; };
		9CD53FCB22E0007100210C0F /* Main.storyboard in Resources */ = {isa = PBXBuildFile; fileRef = 9CD53FC922E0007100210C0F /* Main.storyboard */; };
		9CD53FCD22E0007200210C0F /* Assets.xcassets in Resources */ = {isa = PBXBuildFile; fileRef = 9CD53FCC22E0007200210C0F /* Assets.xcassets */; };
		9CD53FD022E0007200210C0F /* LaunchScreen.storyboard in Resources */ = {isa = PBXBuildFile; fileRef = 9CD53FCE22E0007200210C0F /* LaunchScreen.storyboard */; };
		9CD53FDB22E0007200210C0F /* Mastery_iOSTests.swift in Sources */ = {isa = PBXBuildFile; fileRef = 9CD53FDA22E0007200210C0F /* Mastery_iOSTests.swift */; };
		9CD53FE622E0007200210C0F /* Mastery_iOSUITests.swift in Sources */ = {isa = PBXBuildFile; fileRef = 9CD53FE522E0007200210C0F /* Mastery_iOSUITests.swift */; };
/* End PBXBuildFile section */

/* Begin PBXContainerItemProxy section */
		6226936322EFF02A00A0A642 /* PBXContainerItemProxy */ = {
			isa = PBXContainerItemProxy;
			containerPortal = 9CD53FB522E0007100210C0F /* Project object */;
			proxyType = 1;
			remoteGlobalIDString = 6226935B22EFEFE800A0A642;
			remoteInfo = TaskIcons;
		};
		6226938322EFFF3900A0A642 /* PBXContainerItemProxy */ = {
			isa = PBXContainerItemProxy;
			containerPortal = 9CD53FB522E0007100210C0F /* Project object */;
			proxyType = 1;
			remoteGlobalIDString = 6226937522EFFF3900A0A642;
			remoteInfo = MasteryNotificationExtension;
		};
		9CD53FD722E0007200210C0F /* PBXContainerItemProxy */ = {
			isa = PBXContainerItemProxy;
			containerPortal = 9CD53FB522E0007100210C0F /* Project object */;
			proxyType = 1;
			remoteGlobalIDString = 9CD53FBC22E0007100210C0F;
			remoteInfo = Mastery_iOS;
		};
		9CD53FE222E0007200210C0F /* PBXContainerItemProxy */ = {
			isa = PBXContainerItemProxy;
			containerPortal = 9CD53FB522E0007100210C0F /* Project object */;
			proxyType = 1;
			remoteGlobalIDString = 9CD53FBC22E0007100210C0F;
			remoteInfo = Mastery_iOS;
		};
/* End PBXContainerItemProxy section */

/* Begin PBXCopyFilesBuildPhase section */
		6226938922EFFF3900A0A642 /* Embed App Extensions */ = {
			isa = PBXCopyFilesBuildPhase;
			buildActionMask = 2147483647;
			dstPath = "";
			dstSubfolderSpec = 13;
			files = (
				6226938522EFFF3900A0A642 /* MasteryNotificationExtension.appex in Embed App Extensions */,
			);
			name = "Embed App Extensions";
			runOnlyForDeploymentPostprocessing = 0;
		};
/* End PBXCopyFilesBuildPhase section */

/* Begin PBXFileReference section */
		061099F322E94D3D00A9DC7A /* DynamicHeightCollectionView.swift */ = {isa = PBXFileReference; lastKnownFileType = sourcecode.swift; path = DynamicHeightCollectionView.swift; sourceTree = "<group>"; };
		06109A0122EA52D500A9DC7A /* DetailedTaskViewController.swift */ = {isa = PBXFileReference; lastKnownFileType = sourcecode.swift; path = DetailedTaskViewController.swift; sourceTree = "<group>"; };
		06109A0322EA5CC900A9DC7A /* AddAnotherTaskViewController.swift */ = {isa = PBXFileReference; lastKnownFileType = sourcecode.swift; path = AddAnotherTaskViewController.swift; sourceTree = "<group>"; };
		065216E922E7B66300DC1C44 /* Mastery_iOS.xcdatamodel */ = {isa = PBXFileReference; lastKnownFileType = wrapper.xcdatamodel; path = Mastery_iOS.xcdatamodel; sourceTree = "<group>"; };
		065216FD22E7BB6100DC1C44 /* GoalListTableViewController.swift */ = {isa = PBXFileReference; lastKnownFileType = sourcecode.swift; path = GoalListTableViewController.swift; sourceTree = "<group>"; };
		065216FF22E7BBB700DC1C44 /* AddGoalViewController.swift */ = {isa = PBXFileReference; lastKnownFileType = sourcecode.swift; path = AddGoalViewController.swift; sourceTree = "<group>"; };
		0652170122E7BBC700DC1C44 /* AddGoalDetailsViewController.swift */ = {isa = PBXFileReference; lastKnownFileType = sourcecode.swift; path = AddGoalDetailsViewController.swift; sourceTree = "<group>"; };
		0652170922E7D22400DC1C44 /* AddTaskViewController.swift */ = {isa = PBXFileReference; lastKnownFileType = sourcecode.swift; path = AddTaskViewController.swift; sourceTree = "<group>"; };
		0652171F22E9216A00DC1C44 /* IconCollectionViewCell.swift */ = {isa = PBXFileReference; lastKnownFileType = sourcecode.swift; path = IconCollectionViewCell.swift; sourceTree = "<group>"; };
		069B087522E7B21B000FD048 /* PersistenceService.swift */ = {isa = PBXFileReference; lastKnownFileType = sourcecode.swift; path = PersistenceService.swift; sourceTree = "<group>"; };
		62082B5722EF892D00196FA8 /* OverviewViewController.swift */ = {isa = PBXFileReference; lastKnownFileType = sourcecode.swift; path = OverviewViewController.swift; sourceTree = "<group>"; };
		6226935C22EFEFE800A0A642 /* TaskIcons.bundle */ = {isa = PBXFileReference; explicitFileType = wrapper.cfbundle; includeInIndex = 0; path = TaskIcons.bundle; sourceTree = BUILT_PRODUCTS_DIR; };
		6226935E22EFEFE800A0A642 /* Info.plist */ = {isa = PBXFileReference; lastKnownFileType = text.plist.xml; path = Info.plist; sourceTree = "<group>"; };
		6226936C22EFF10200A0A642 /* SelectIconCell.swift */ = {isa = PBXFileReference; lastKnownFileType = sourcecode.swift; path = SelectIconCell.swift; sourceTree = "<group>"; };
		6226936E22EFF20600A0A642 /* SelectIconPopoverViewController.swift */ = {isa = PBXFileReference; lastKnownFileType = sourcecode.swift; path = SelectIconPopoverViewController.swift; sourceTree = "<group>"; };
		6226937022EFF24100A0A642 /* SelectIconTest.storyboard */ = {isa = PBXFileReference; lastKnownFileType = file.storyboard; path = SelectIconTest.storyboard; sourceTree = "<group>"; };
		6226937622EFFF3900A0A642 /* MasteryNotificationExtension.appex */ = {isa = PBXFileReference; explicitFileType = "wrapper.app-extension"; includeInIndex = 0; path = MasteryNotificationExtension.appex; sourceTree = BUILT_PRODUCTS_DIR; };
		6226937822EFFF3900A0A642 /* UserNotifications.framework */ = {isa = PBXFileReference; lastKnownFileType = wrapper.framework; name = UserNotifications.framework; path = System/Library/Frameworks/UserNotifications.framework; sourceTree = SDKROOT; };
		6226937A22EFFF3900A0A642 /* UserNotificationsUI.framework */ = {isa = PBXFileReference; lastKnownFileType = wrapper.framework; name = UserNotificationsUI.framework; path = System/Library/Frameworks/UserNotificationsUI.framework; sourceTree = SDKROOT; };
		6226937D22EFFF3900A0A642 /* NotificationViewController.swift */ = {isa = PBXFileReference; lastKnownFileType = sourcecode.swift; path = NotificationViewController.swift; sourceTree = "<group>"; };
		6226938022EFFF3900A0A642 /* Base */ = {isa = PBXFileReference; lastKnownFileType = file.storyboard; name = Base; path = Base.lproj/MainInterface.storyboard; sourceTree = "<group>"; };
		6226938222EFFF3900A0A642 /* Info.plist */ = {isa = PBXFileReference; lastKnownFileType = text.plist.xml; path = Info.plist; sourceTree = "<group>"; };
		6226938A22F0EA8300A0A642 /* StartEndCell.swift */ = {isa = PBXFileReference; lastKnownFileType = sourcecode.swift; name = StartEndCell.swift; path = "Mastery_iOS/Overview Views/StartEndCell.swift"; sourceTree = SOURCE_ROOT; };
		624F4F8B22EF79F300D15F96 /* Int+Timer.swift */ = {isa = PBXFileReference; fileEncoding = 4; lastKnownFileType = sourcecode.swift; path = "Int+Timer.swift"; sourceTree = "<group>"; };
		62586D0B22EFE8D000E37F0A /* Goal+CoreDataClass.swift */ = {isa = PBXFileReference; lastKnownFileType = sourcecode.swift; path = "Goal+CoreDataClass.swift"; sourceTree = "<group>"; };
		62586D0C22EFE8D000E37F0A /* Goal+CoreDataProperties.swift */ = {isa = PBXFileReference; lastKnownFileType = sourcecode.swift; path = "Goal+CoreDataProperties.swift"; sourceTree = "<group>"; };
		62586D0D22EFE8D000E37F0A /* User+CoreDataClass.swift */ = {isa = PBXFileReference; lastKnownFileType = sourcecode.swift; path = "User+CoreDataClass.swift"; sourceTree = "<group>"; };
		62586D0E22EFE8D000E37F0A /* User+CoreDataProperties.swift */ = {isa = PBXFileReference; lastKnownFileType = sourcecode.swift; path = "User+CoreDataProperties.swift"; sourceTree = "<group>"; };
		62586D0F22EFE8D000E37F0A /* Task+CoreDataClass.swift */ = {isa = PBXFileReference; lastKnownFileType = sourcecode.swift; path = "Task+CoreDataClass.swift"; sourceTree = "<group>"; };
		62586D1022EFE8D000E37F0A /* Task+CoreDataProperties.swift */ = {isa = PBXFileReference; lastKnownFileType = sourcecode.swift; path = "Task+CoreDataProperties.swift"; sourceTree = "<group>"; };
		62828BF522EFE84C00E96E48 /* PausePlayButton.swift */ = {isa = PBXFileReference; lastKnownFileType = sourcecode.swift; path = PausePlayButton.swift; sourceTree = "<group>"; };
		62828BF722EFE85000E96E48 /* PreviousSessionCell.swift */ = {isa = PBXFileReference; lastKnownFileType = sourcecode.swift; path = PreviousSessionCell.swift; sourceTree = "<group>"; };
		629AC69522ED1F85000C137C /* ChangeToday.storyboard */ = {isa = PBXFileReference; lastKnownFileType = file.storyboard; path = ChangeToday.storyboard; sourceTree = "<group>"; };
		629AC69722ED1FE1000C137C /* TodayViewController.swift */ = {isa = PBXFileReference; lastKnownFileType = sourcecode.swift; path = TodayViewController.swift; sourceTree = "<group>"; };
		629AC69922ED20B0000C137C /* TaskCell.swift */ = {isa = PBXFileReference; lastKnownFileType = sourcecode.swift; path = TaskCell.swift; sourceTree = "<group>"; };
		629AC69B22ED2D9F000C137C /* FocusViewController.swift */ = {isa = PBXFileReference; lastKnownFileType = sourcecode.swift; path = FocusViewController.swift; sourceTree = "<group>"; };
		629AC69E22ED2E6B000C137C /* SettingsTestViewController.swift */ = {isa = PBXFileReference; lastKnownFileType = sourcecode.swift; path = SettingsTestViewController.swift; sourceTree = "<group>"; };
		629AC6A022ED2EDD000C137C /* GoalTestViewController.swift */ = {isa = PBXFileReference; lastKnownFileType = sourcecode.swift; path = GoalTestViewController.swift; sourceTree = "<group>"; };
		629AC6A622ED7D9F000C137C /* TodayFlowLayout.swift */ = {isa = PBXFileReference; lastKnownFileType = sourcecode.swift; path = TodayFlowLayout.swift; sourceTree = "<group>"; };
		62F57E5822EFEEF800AE96BB /* HomeTableViewCell.swift */ = {isa = PBXFileReference; lastKnownFileType = sourcecode.swift; name = HomeTableViewCell.swift; path = "/Users/camsteezin/Desktop/Developer/Lighthouse/Final Project/Mastery/Development Files/Mastery_iOS/Mastery_iOS/HomeTableViewCell.swift"; sourceTree = "<absolute>"; };
		9C2908AB22ED14CA0021017D /* TaskIconWithLabel.xib */ = {isa = PBXFileReference; lastKnownFileType = file.xib; path = TaskIconWithLabel.xib; sourceTree = "<group>"; };
		9C2908AD22ED18A30021017D /* TaskIcon.xib */ = {isa = PBXFileReference; lastKnownFileType = file.xib; path = TaskIcon.xib; sourceTree = "<group>"; };
		9C2908AF22ED1FD90021017D /* TaskIconWithLabelView.swift */ = {isa = PBXFileReference; lastKnownFileType = sourcecode.swift; path = TaskIconWithLabelView.swift; sourceTree = "<group>"; };
		9C2908B122ED20000021017D /* TaskIconView.swift */ = {isa = PBXFileReference; lastKnownFileType = sourcecode.swift; path = TaskIconView.swift; sourceTree = "<group>"; };
		9C2908B322ED21920021017D /* TimerAnimation.xib */ = {isa = PBXFileReference; lastKnownFileType = file.xib; path = TimerAnimation.xib; sourceTree = "<group>"; };
		9C2908B522ED223A0021017D /* TimerAnimationView.swift */ = {isa = PBXFileReference; lastKnownFileType = sourcecode.swift; path = TimerAnimationView.swift; sourceTree = "<group>"; };
		9C6C83CA22EBD83300078DFF /* HiFi.storyboard */ = {isa = PBXFileReference; lastKnownFileType = file.storyboard; path = HiFi.storyboard; sourceTree = "<group>"; };
		9CD53FBD22E0007100210C0F /* Mastery_iOS.app */ = {isa = PBXFileReference; explicitFileType = wrapper.application; includeInIndex = 0; path = Mastery_iOS.app; sourceTree = BUILT_PRODUCTS_DIR; };
		9CD53FC022E0007100210C0F /* AppDelegate.swift */ = {isa = PBXFileReference; lastKnownFileType = sourcecode.swift; path = AppDelegate.swift; sourceTree = "<group>"; };
		9CD53FCA22E0007100210C0F /* Base */ = {isa = PBXFileReference; lastKnownFileType = file.storyboard; name = Base; path = Base.lproj/Main.storyboard; sourceTree = "<group>"; };
		9CD53FCC22E0007200210C0F /* Assets.xcassets */ = {isa = PBXFileReference; lastKnownFileType = folder.assetcatalog; path = Assets.xcassets; sourceTree = "<group>"; };
		9CD53FCF22E0007200210C0F /* Base */ = {isa = PBXFileReference; lastKnownFileType = file.storyboard; name = Base; path = Base.lproj/LaunchScreen.storyboard; sourceTree = "<group>"; };
		9CD53FD122E0007200210C0F /* Info.plist */ = {isa = PBXFileReference; lastKnownFileType = text.plist.xml; path = Info.plist; sourceTree = "<group>"; };
		9CD53FD622E0007200210C0F /* Mastery_iOSTests.xctest */ = {isa = PBXFileReference; explicitFileType = wrapper.cfbundle; includeInIndex = 0; path = Mastery_iOSTests.xctest; sourceTree = BUILT_PRODUCTS_DIR; };
		9CD53FDA22E0007200210C0F /* Mastery_iOSTests.swift */ = {isa = PBXFileReference; lastKnownFileType = sourcecode.swift; path = Mastery_iOSTests.swift; sourceTree = "<group>"; };
		9CD53FDC22E0007200210C0F /* Info.plist */ = {isa = PBXFileReference; lastKnownFileType = text.plist.xml; path = Info.plist; sourceTree = "<group>"; };
		9CD53FE122E0007200210C0F /* Mastery_iOSUITests.xctest */ = {isa = PBXFileReference; explicitFileType = wrapper.cfbundle; includeInIndex = 0; path = Mastery_iOSUITests.xctest; sourceTree = BUILT_PRODUCTS_DIR; };
		9CD53FE522E0007200210C0F /* Mastery_iOSUITests.swift */ = {isa = PBXFileReference; lastKnownFileType = sourcecode.swift; path = Mastery_iOSUITests.swift; sourceTree = "<group>"; };
		9CD53FE722E0007200210C0F /* Info.plist */ = {isa = PBXFileReference; lastKnownFileType = text.plist.xml; path = Info.plist; sourceTree = "<group>"; };
/* End PBXFileReference section */

/* Begin PBXFrameworksBuildPhase section */
		6226937322EFFF3900A0A642 /* Frameworks */ = {
			isa = PBXFrameworksBuildPhase;
			buildActionMask = 2147483647;
			files = (
				6226937B22EFFF3900A0A642 /* UserNotificationsUI.framework in Frameworks */,
				6226937922EFFF3900A0A642 /* UserNotifications.framework in Frameworks */,
			);
			runOnlyForDeploymentPostprocessing = 0;
		};
		9CD53FBA22E0007100210C0F /* Frameworks */ = {
			isa = PBXFrameworksBuildPhase;
			buildActionMask = 2147483647;
			files = (
			);
			runOnlyForDeploymentPostprocessing = 0;
		};
		9CD53FD322E0007200210C0F /* Frameworks */ = {
			isa = PBXFrameworksBuildPhase;
			buildActionMask = 2147483647;
			files = (
			);
			runOnlyForDeploymentPostprocessing = 0;
		};
		9CD53FDE22E0007200210C0F /* Frameworks */ = {
			isa = PBXFrameworksBuildPhase;
			buildActionMask = 2147483647;
			files = (
			);
			runOnlyForDeploymentPostprocessing = 0;
		};
/* End PBXFrameworksBuildPhase section */

/* Begin PBXGroup section */
		065216FC22E7BA8F00DC1C44 /* CoreDataProperties */ = {
			isa = PBXGroup;
			children = (
				62586D0B22EFE8D000E37F0A /* Goal+CoreDataClass.swift */,
				62586D0C22EFE8D000E37F0A /* Goal+CoreDataProperties.swift */,
				62586D0D22EFE8D000E37F0A /* User+CoreDataClass.swift */,
				62586D0E22EFE8D000E37F0A /* User+CoreDataProperties.swift */,
				62586D0F22EFE8D000E37F0A /* Task+CoreDataClass.swift */,
				62586D1022EFE8D000E37F0A /* Task+CoreDataProperties.swift */,
				069B087522E7B21B000FD048 /* PersistenceService.swift */,
			);
			path = CoreDataProperties;
			sourceTree = "<group>";
		};
		62082B5622EF890300196FA8 /* Overview Views */ = {
			isa = PBXGroup;
			children = (
				6226938A22F0EA8300A0A642 /* StartEndCell.swift */,
				62082B5722EF892D00196FA8 /* OverviewViewController.swift */,
			);
			path = "Overview Views";
			sourceTree = "<group>";
		};
		6226935D22EFEFE800A0A642 /* TaskIcons */ = {
			isa = PBXGroup;
			children = (
				6226935E22EFEFE800A0A642 /* Info.plist */,
			);
			path = TaskIcons;
			sourceTree = "<group>";
		};
		6226936522EFF04C00A0A642 /* Icon Selector */ = {
			isa = PBXGroup;
			children = (
				6226936C22EFF10200A0A642 /* SelectIconCell.swift */,
				6226936E22EFF20600A0A642 /* SelectIconPopoverViewController.swift */,
				6226937022EFF24100A0A642 /* SelectIconTest.storyboard */,
			);
			path = "Icon Selector";
			sourceTree = "<group>";
		};
		6226937722EFFF3900A0A642 /* Frameworks */ = {
			isa = PBXGroup;
			children = (
				6226937822EFFF3900A0A642 /* UserNotifications.framework */,
				6226937A22EFFF3900A0A642 /* UserNotificationsUI.framework */,
			);
			name = Frameworks;
			sourceTree = "<group>";
		};
		6226937C22EFFF3900A0A642 /* MasteryNotificationExtension */ = {
			isa = PBXGroup;
			children = (
				6226937D22EFFF3900A0A642 /* NotificationViewController.swift */,
				6226937F22EFFF3900A0A642 /* MainInterface.storyboard */,
				6226938222EFFF3900A0A642 /* Info.plist */,
			);
			path = MasteryNotificationExtension;
			sourceTree = "<group>";
		};
		624F4F8A22EF79B400D15F96 /* Extensions */ = {
			isa = PBXGroup;
			children = (
				624F4F8B22EF79F300D15F96 /* Int+Timer.swift */,
			);
			path = Extensions;
			sourceTree = "<group>";
		};
		629AC69D22ED2DA5000C137C /* Focus Views */ = {
			isa = PBXGroup;
			children = (
				62828BF522EFE84C00E96E48 /* PausePlayButton.swift */,
				62828BF722EFE85000E96E48 /* PreviousSessionCell.swift */,
				629AC69B22ED2D9F000C137C /* FocusViewController.swift */,
			);
			path = "Focus Views";
			sourceTree = "<group>";
		};
		629D230322EAAAAE005CF92D /* Today Views */ = {
			isa = PBXGroup;
			children = (
				629AC69522ED1F85000C137C /* ChangeToday.storyboard */,
				629AC6A622ED7D9F000C137C /* TodayFlowLayout.swift */,
				629AC69922ED20B0000C137C /* TaskCell.swift */,
				629AC69722ED1FE1000C137C /* TodayViewController.swift */,
				629AC6A022ED2EDD000C137C /* GoalTestViewController.swift */,
				629AC69E22ED2E6B000C137C /* SettingsTestViewController.swift */,
			);
			path = "Today Views";
			sourceTree = "<group>";
		};
		9C6C83CC22EBDD1800078DFF /* UI Views */ = {
			isa = PBXGroup;
			children = (
				6226936522EFF04C00A0A642 /* Icon Selector */,
				9C2908AB22ED14CA0021017D /* TaskIconWithLabel.xib */,
				9C2908AF22ED1FD90021017D /* TaskIconWithLabelView.swift */,
				9C2908AD22ED18A30021017D /* TaskIcon.xib */,
				9C2908B122ED20000021017D /* TaskIconView.swift */,
				9C2908B322ED21920021017D /* TimerAnimation.xib */,
				9C2908B522ED223A0021017D /* TimerAnimationView.swift */,
			);
			path = "UI Views";
			sourceTree = "<group>";
		};
		9CD53FB422E0007100210C0F = {
			isa = PBXGroup;
			children = (
				9CD53FBF22E0007100210C0F /* Mastery_iOS */,
				9CD53FD922E0007200210C0F /* Mastery_iOSTests */,
				9CD53FE422E0007200210C0F /* Mastery_iOSUITests */,
				6226935D22EFEFE800A0A642 /* TaskIcons */,
				6226937C22EFFF3900A0A642 /* MasteryNotificationExtension */,
				6226937722EFFF3900A0A642 /* Frameworks */,
				9CD53FBE22E0007100210C0F /* Products */,
			);
			sourceTree = "<group>";
		};
		9CD53FBE22E0007100210C0F /* Products */ = {
			isa = PBXGroup;
			children = (
				9CD53FBD22E0007100210C0F /* Mastery_iOS.app */,
				9CD53FD622E0007200210C0F /* Mastery_iOSTests.xctest */,
				9CD53FE122E0007200210C0F /* Mastery_iOSUITests.xctest */,
				6226935C22EFEFE800A0A642 /* TaskIcons.bundle */,
				6226937622EFFF3900A0A642 /* MasteryNotificationExtension.appex */,
			);
			name = Products;
			sourceTree = "<group>";
		};
		9CD53FBF22E0007100210C0F /* Mastery_iOS */ = {
			isa = PBXGroup;
			children = (
				065216FC22E7BA8F00DC1C44 /* CoreDataProperties */,
				9CD53FC022E0007100210C0F /* AppDelegate.swift */,
				061099F322E94D3D00A9DC7A /* DynamicHeightCollectionView.swift */,
				62F57E5822EFEEF800AE96BB /* HomeTableViewCell.swift */,
				0652171F22E9216A00DC1C44 /* IconCollectionViewCell.swift */,
				065216FD22E7BB6100DC1C44 /* GoalListTableViewController.swift */,
				065216FF22E7BBB700DC1C44 /* AddGoalViewController.swift */,
				0652170122E7BBC700DC1C44 /* AddGoalDetailsViewController.swift */,
				0652170922E7D22400DC1C44 /* AddTaskViewController.swift */,
				06109A0122EA52D500A9DC7A /* DetailedTaskViewController.swift */,
				06109A0322EA5CC900A9DC7A /* AddAnotherTaskViewController.swift */,
				9CD53FC922E0007100210C0F /* Main.storyboard */,
				9C6C83CA22EBD83300078DFF /* HiFi.storyboard */,
				624F4F8A22EF79B400D15F96 /* Extensions */,
				9C6C83CC22EBDD1800078DFF /* UI Views */,
				629D230322EAAAAE005CF92D /* Today Views */,
				629AC69D22ED2DA5000C137C /* Focus Views */,
				62082B5622EF890300196FA8 /* Overview Views */,
				9CD53FCC22E0007200210C0F /* Assets.xcassets */,
				9CD53FCE22E0007200210C0F /* LaunchScreen.storyboard */,
				9CD53FD122E0007200210C0F /* Info.plist */,
				065216E822E7B66300DC1C44 /* Mastery_iOS.xcdatamodeld */,
			);
			path = Mastery_iOS;
			sourceTree = "<group>";
		};
		9CD53FD922E0007200210C0F /* Mastery_iOSTests */ = {
			isa = PBXGroup;
			children = (
				9CD53FDA22E0007200210C0F /* Mastery_iOSTests.swift */,
				9CD53FDC22E0007200210C0F /* Info.plist */,
			);
			path = Mastery_iOSTests;
			sourceTree = "<group>";
		};
		9CD53FE422E0007200210C0F /* Mastery_iOSUITests */ = {
			isa = PBXGroup;
			children = (
				9CD53FE522E0007200210C0F /* Mastery_iOSUITests.swift */,
				9CD53FE722E0007200210C0F /* Info.plist */,
			);
			path = Mastery_iOSUITests;
			sourceTree = "<group>";
		};
/* End PBXGroup section */

/* Begin PBXNativeTarget section */
		6226935B22EFEFE800A0A642 /* TaskIcons */ = {
			isa = PBXNativeTarget;
			buildConfigurationList = 6226936122EFEFE800A0A642 /* Build configuration list for PBXNativeTarget "TaskIcons" */;
			buildPhases = (
				6226935A22EFEFE800A0A642 /* Resources */,
			);
			buildRules = (
			);
			dependencies = (
			);
			name = TaskIcons;
			productName = TaskIcons;
			productReference = 6226935C22EFEFE800A0A642 /* TaskIcons.bundle */;
			productType = "com.apple.product-type.bundle";
		};
		6226937522EFFF3900A0A642 /* MasteryNotificationExtension */ = {
			isa = PBXNativeTarget;
			buildConfigurationList = 6226938622EFFF3900A0A642 /* Build configuration list for PBXNativeTarget "MasteryNotificationExtension" */;
			buildPhases = (
				6226937222EFFF3900A0A642 /* Sources */,
				6226937322EFFF3900A0A642 /* Frameworks */,
				6226937422EFFF3900A0A642 /* Resources */,
			);
			buildRules = (
			);
			dependencies = (
			);
			name = MasteryNotificationExtension;
			productName = MasteryNotificationExtension;
			productReference = 6226937622EFFF3900A0A642 /* MasteryNotificationExtension.appex */;
			productType = "com.apple.product-type.app-extension";
		};
		9CD53FBC22E0007100210C0F /* Mastery_iOS */ = {
			isa = PBXNativeTarget;
			buildConfigurationList = 9CD53FEA22E0007200210C0F /* Build configuration list for PBXNativeTarget "Mastery_iOS" */;
			buildPhases = (
				9CD53FB922E0007100210C0F /* Sources */,
				9CD53FBA22E0007100210C0F /* Frameworks */,
				9CD53FBB22E0007100210C0F /* Resources */,
				6226938922EFFF3900A0A642 /* Embed App Extensions */,
			);
			buildRules = (
			);
			dependencies = (
				6226936422EFF02A00A0A642 /* PBXTargetDependency */,
				6226938422EFFF3900A0A642 /* PBXTargetDependency */,
			);
			name = Mastery_iOS;
			productName = Mastery_iOS;
			productReference = 9CD53FBD22E0007100210C0F /* Mastery_iOS.app */;
			productType = "com.apple.product-type.application";
		};
		9CD53FD522E0007200210C0F /* Mastery_iOSTests */ = {
			isa = PBXNativeTarget;
			buildConfigurationList = 9CD53FED22E0007200210C0F /* Build configuration list for PBXNativeTarget "Mastery_iOSTests" */;
			buildPhases = (
				9CD53FD222E0007200210C0F /* Sources */,
				9CD53FD322E0007200210C0F /* Frameworks */,
				9CD53FD422E0007200210C0F /* Resources */,
			);
			buildRules = (
			);
			dependencies = (
				9CD53FD822E0007200210C0F /* PBXTargetDependency */,
			);
			name = Mastery_iOSTests;
			productName = Mastery_iOSTests;
			productReference = 9CD53FD622E0007200210C0F /* Mastery_iOSTests.xctest */;
			productType = "com.apple.product-type.bundle.unit-test";
		};
		9CD53FE022E0007200210C0F /* Mastery_iOSUITests */ = {
			isa = PBXNativeTarget;
			buildConfigurationList = 9CD53FF022E0007200210C0F /* Build configuration list for PBXNativeTarget "Mastery_iOSUITests" */;
			buildPhases = (
				9CD53FDD22E0007200210C0F /* Sources */,
				9CD53FDE22E0007200210C0F /* Frameworks */,
				9CD53FDF22E0007200210C0F /* Resources */,
			);
			buildRules = (
			);
			dependencies = (
				9CD53FE322E0007200210C0F /* PBXTargetDependency */,
			);
			name = Mastery_iOSUITests;
			productName = Mastery_iOSUITests;
			productReference = 9CD53FE122E0007200210C0F /* Mastery_iOSUITests.xctest */;
			productType = "com.apple.product-type.bundle.ui-testing";
		};
/* End PBXNativeTarget section */

/* Begin PBXProject section */
		9CD53FB522E0007100210C0F /* Project object */ = {
			isa = PBXProject;
			attributes = {
				LastSwiftUpdateCheck = 1020;
				LastUpgradeCheck = 1020;
				ORGANIZATIONNAME = "Marina Mona June McPeak";
				TargetAttributes = {
					6226935B22EFEFE800A0A642 = {
						CreatedOnToolsVersion = 10.2.1;
					};
					6226937522EFFF3900A0A642 = {
						CreatedOnToolsVersion = 10.2.1;
					};
					9CD53FBC22E0007100210C0F = {
						CreatedOnToolsVersion = 10.2.1;
					};
					9CD53FD522E0007200210C0F = {
						CreatedOnToolsVersion = 10.2.1;
						TestTargetID = 9CD53FBC22E0007100210C0F;
					};
					9CD53FE022E0007200210C0F = {
						CreatedOnToolsVersion = 10.2.1;
						TestTargetID = 9CD53FBC22E0007100210C0F;
					};
				};
			};
			buildConfigurationList = 9CD53FB822E0007100210C0F /* Build configuration list for PBXProject "Mastery_iOS" */;
			compatibilityVersion = "Xcode 9.3";
			developmentRegion = en;
			hasScannedForEncodings = 0;
			knownRegions = (
				en,
				Base,
			);
			mainGroup = 9CD53FB422E0007100210C0F;
			productRefGroup = 9CD53FBE22E0007100210C0F /* Products */;
			projectDirPath = "";
			projectRoot = "";
			targets = (
				9CD53FBC22E0007100210C0F /* Mastery_iOS */,
				9CD53FD522E0007200210C0F /* Mastery_iOSTests */,
				9CD53FE022E0007200210C0F /* Mastery_iOSUITests */,
				6226935B22EFEFE800A0A642 /* TaskIcons */,
				6226937522EFFF3900A0A642 /* MasteryNotificationExtension */,
			);
		};
/* End PBXProject section */

/* Begin PBXResourcesBuildPhase section */
		6226935A22EFEFE800A0A642 /* Resources */ = {
			isa = PBXResourcesBuildPhase;
			buildActionMask = 2147483647;
			files = (
			);
			runOnlyForDeploymentPostprocessing = 0;
		};
		6226937422EFFF3900A0A642 /* Resources */ = {
			isa = PBXResourcesBuildPhase;
			buildActionMask = 2147483647;
			files = (
				6226938122EFFF3900A0A642 /* MainInterface.storyboard in Resources */,
			);
			runOnlyForDeploymentPostprocessing = 0;
		};
		9CD53FBB22E0007100210C0F /* Resources */ = {
			isa = PBXResourcesBuildPhase;
			buildActionMask = 2147483647;
			files = (
				9C2908AC22ED14CA0021017D /* TaskIconWithLabel.xib in Resources */,
				9C2908AE22ED18A30021017D /* TaskIcon.xib in Resources */,
				629AC69622ED1F85000C137C /* ChangeToday.storyboard in Resources */,
				9CD53FD022E0007200210C0F /* LaunchScreen.storyboard in Resources */,
				9C2908B422ED21920021017D /* TimerAnimation.xib in Resources */,
				6226937122EFF24100A0A642 /* SelectIconTest.storyboard in Resources */,
				9CD53FCD22E0007200210C0F /* Assets.xcassets in Resources */,
				6226936222EFF01900A0A642 /* TaskIcons.bundle in Resources */,
				9CD53FCB22E0007100210C0F /* Main.storyboard in Resources */,
				9C6C83CB22EBD83300078DFF /* HiFi.storyboard in Resources */,
			);
			runOnlyForDeploymentPostprocessing = 0;
		};
		9CD53FD422E0007200210C0F /* Resources */ = {
			isa = PBXResourcesBuildPhase;
			buildActionMask = 2147483647;
			files = (
			);
			runOnlyForDeploymentPostprocessing = 0;
		};
		9CD53FDF22E0007200210C0F /* Resources */ = {
			isa = PBXResourcesBuildPhase;
			buildActionMask = 2147483647;
			files = (
			);
			runOnlyForDeploymentPostprocessing = 0;
		};
/* End PBXResourcesBuildPhase section */

/* Begin PBXSourcesBuildPhase section */
		6226937222EFFF3900A0A642 /* Sources */ = {
			isa = PBXSourcesBuildPhase;
			buildActionMask = 2147483647;
			files = (
				6226937E22EFFF3900A0A642 /* NotificationViewController.swift in Sources */,
			);
			runOnlyForDeploymentPostprocessing = 0;
		};
		9CD53FB922E0007100210C0F /* Sources */ = {
			isa = PBXSourcesBuildPhase;
			buildActionMask = 2147483647;
			files = (
				0652170A22E7D22400DC1C44 /* AddTaskViewController.swift in Sources */,
				629AC6A122ED2EDD000C137C /* GoalTestViewController.swift in Sources */,
				62828BF822EFE85000E96E48 /* PreviousSessionCell.swift in Sources */,
				6226936D22EFF10200A0A642 /* SelectIconCell.swift in Sources */,
				629AC69F22ED2E6B000C137C /* SettingsTestViewController.swift in Sources */,
				629AC69A22ED20B0000C137C /* TaskCell.swift in Sources */,
				0652170022E7BBB700DC1C44 /* AddGoalViewController.swift in Sources */,
				62586D1322EFE8D000E37F0A /* User+CoreDataClass.swift in Sources */,
				62F57E5922EFEEF800AE96BB /* HomeTableViewCell.swift in Sources */,
				9C2908B222ED20000021017D /* TaskIconView.swift in Sources */,
				6226938B22F0EA8300A0A642 /* StartEndCell.swift in Sources */,
				06109A0422EA5CC900A9DC7A /* AddAnotherTaskViewController.swift in Sources */,
				0652170222E7BBC700DC1C44 /* AddGoalDetailsViewController.swift in Sources */,
				9C2908B622ED223A0021017D /* TimerAnimationView.swift in Sources */,
				624F4F8C22EF79F300D15F96 /* Int+Timer.swift in Sources */,
				06109A0222EA52D500A9DC7A /* DetailedTaskViewController.swift in Sources */,
				6226936F22EFF20600A0A642 /* SelectIconPopoverViewController.swift in Sources */,
				62828BF622EFE84C00E96E48 /* PausePlayButton.swift in Sources */,
				62586D1622EFE8D000E37F0A /* Task+CoreDataProperties.swift in Sources */,
				62586D1222EFE8D000E37F0A /* Goal+CoreDataProperties.swift in Sources */,
				62586D1522EFE8D000E37F0A /* Task+CoreDataClass.swift in Sources */,
				061099F422E94D3D00A9DC7A /* DynamicHeightCollectionView.swift in Sources */,
				629AC69C22ED2D9F000C137C /* FocusViewController.swift in Sources */,
				9CD53FC122E0007100210C0F /* AppDelegate.swift in Sources */,
				629AC69822ED1FE1000C137C /* TodayViewController.swift in Sources */,
				62082B5822EF892D00196FA8 /* OverviewViewController.swift in Sources */,
				065216FE22E7BB6100DC1C44 /* GoalListTableViewController.swift in Sources */,
				62586D1422EFE8D000E37F0A /* User+CoreDataProperties.swift in Sources */,
				62586D1122EFE8D000E37F0A /* Goal+CoreDataClass.swift in Sources */,
				629AC6A722ED7D9F000C137C /* TodayFlowLayout.swift in Sources */,
				0652172022E9216A00DC1C44 /* IconCollectionViewCell.swift in Sources */,
				9C2908B022ED1FD90021017D /* TaskIconWithLabelView.swift in Sources */,
				065216EA22E7B66300DC1C44 /* Mastery_iOS.xcdatamodeld in Sources */,
				069B087622E7B21B000FD048 /* PersistenceService.swift in Sources */,
			);
			runOnlyForDeploymentPostprocessing = 0;
		};
		9CD53FD222E0007200210C0F /* Sources */ = {
			isa = PBXSourcesBuildPhase;
			buildActionMask = 2147483647;
			files = (
				9CD53FDB22E0007200210C0F /* Mastery_iOSTests.swift in Sources */,
			);
			runOnlyForDeploymentPostprocessing = 0;
		};
		9CD53FDD22E0007200210C0F /* Sources */ = {
			isa = PBXSourcesBuildPhase;
			buildActionMask = 2147483647;
			files = (
				9CD53FE622E0007200210C0F /* Mastery_iOSUITests.swift in Sources */,
			);
			runOnlyForDeploymentPostprocessing = 0;
		};
/* End PBXSourcesBuildPhase section */

/* Begin PBXTargetDependency section */
		6226936422EFF02A00A0A642 /* PBXTargetDependency */ = {
			isa = PBXTargetDependency;
			target = 6226935B22EFEFE800A0A642 /* TaskIcons */;
			targetProxy = 6226936322EFF02A00A0A642 /* PBXContainerItemProxy */;
		};
		6226938422EFFF3900A0A642 /* PBXTargetDependency */ = {
			isa = PBXTargetDependency;
			target = 6226937522EFFF3900A0A642 /* MasteryNotificationExtension */;
			targetProxy = 6226938322EFFF3900A0A642 /* PBXContainerItemProxy */;
		};
		9CD53FD822E0007200210C0F /* PBXTargetDependency */ = {
			isa = PBXTargetDependency;
			target = 9CD53FBC22E0007100210C0F /* Mastery_iOS */;
			targetProxy = 9CD53FD722E0007200210C0F /* PBXContainerItemProxy */;
		};
		9CD53FE322E0007200210C0F /* PBXTargetDependency */ = {
			isa = PBXTargetDependency;
			target = 9CD53FBC22E0007100210C0F /* Mastery_iOS */;
			targetProxy = 9CD53FE222E0007200210C0F /* PBXContainerItemProxy */;
		};
/* End PBXTargetDependency section */

/* Begin PBXVariantGroup section */
		6226937F22EFFF3900A0A642 /* MainInterface.storyboard */ = {
			isa = PBXVariantGroup;
			children = (
				6226938022EFFF3900A0A642 /* Base */,
			);
			name = MainInterface.storyboard;
			sourceTree = "<group>";
		};
		9CD53FC922E0007100210C0F /* Main.storyboard */ = {
			isa = PBXVariantGroup;
			children = (
				9CD53FCA22E0007100210C0F /* Base */,
			);
			name = Main.storyboard;
			sourceTree = "<group>";
		};
		9CD53FCE22E0007200210C0F /* LaunchScreen.storyboard */ = {
			isa = PBXVariantGroup;
			children = (
				9CD53FCF22E0007200210C0F /* Base */,
			);
			name = LaunchScreen.storyboard;
			sourceTree = "<group>";
		};
/* End PBXVariantGroup section */

/* Begin XCBuildConfiguration section */
		6226935F22EFEFE800A0A642 /* Debug */ = {
			isa = XCBuildConfiguration;
			buildSettings = {
				CODE_SIGN_STYLE = Automatic;
				COMBINE_HIDPI_IMAGES = YES;
				DEVELOPMENT_TEAM = 79VHH58USY;
				INFOPLIST_FILE = TaskIcons/Info.plist;
				INSTALL_PATH = "$(LOCAL_LIBRARY_DIR)/Bundles";
				PRODUCT_BUNDLE_IDENTIFIER = Lighthouse.TaskIcons;
				PRODUCT_NAME = "$(TARGET_NAME)";
				SKIP_INSTALL = YES;
				TARGETED_DEVICE_FAMILY = "1,2";
				WRAPPER_EXTENSION = bundle;
			};
			name = Debug;
		};
		6226936022EFEFE800A0A642 /* Release */ = {
			isa = XCBuildConfiguration;
			buildSettings = {
				CODE_SIGN_STYLE = Automatic;
				COMBINE_HIDPI_IMAGES = YES;
				DEVELOPMENT_TEAM = 79VHH58USY;
				INFOPLIST_FILE = TaskIcons/Info.plist;
				INSTALL_PATH = "$(LOCAL_LIBRARY_DIR)/Bundles";
				PRODUCT_BUNDLE_IDENTIFIER = Lighthouse.TaskIcons;
				PRODUCT_NAME = "$(TARGET_NAME)";
				SKIP_INSTALL = YES;
				TARGETED_DEVICE_FAMILY = "1,2";
				WRAPPER_EXTENSION = bundle;
			};
			name = Release;
		};
		6226938722EFFF3900A0A642 /* Debug */ = {
			isa = XCBuildConfiguration;
			buildSettings = {
				CODE_SIGN_STYLE = Automatic;
				DEVELOPMENT_TEAM = 79VHH58USY;
				INFOPLIST_FILE = MasteryNotificationExtension/Info.plist;
				LD_RUNPATH_SEARCH_PATHS = (
					"$(inherited)",
					"@executable_path/Frameworks",
					"@executable_path/../../Frameworks",
				);
				PRODUCT_BUNDLE_IDENTIFIER = "com.MarinaMcPeak.Mastery-iOS.MasteryNotificationExtension";
				PRODUCT_NAME = "$(TARGET_NAME)";
				SKIP_INSTALL = YES;
				SWIFT_VERSION = 5.0;
				TARGETED_DEVICE_FAMILY = "1,2";
			};
			name = Debug;
		};
		6226938822EFFF3900A0A642 /* Release */ = {
			isa = XCBuildConfiguration;
			buildSettings = {
				CODE_SIGN_STYLE = Automatic;
				DEVELOPMENT_TEAM = 79VHH58USY;
				INFOPLIST_FILE = MasteryNotificationExtension/Info.plist;
				LD_RUNPATH_SEARCH_PATHS = (
					"$(inherited)",
					"@executable_path/Frameworks",
					"@executable_path/../../Frameworks",
				);
				PRODUCT_BUNDLE_IDENTIFIER = "com.MarinaMcPeak.Mastery-iOS.MasteryNotificationExtension";
				PRODUCT_NAME = "$(TARGET_NAME)";
				SKIP_INSTALL = YES;
				SWIFT_VERSION = 5.0;
				TARGETED_DEVICE_FAMILY = "1,2";
			};
			name = Release;
		};
		9CD53FE822E0007200210C0F /* Debug */ = {
			isa = XCBuildConfiguration;
			buildSettings = {
				ALWAYS_SEARCH_USER_PATHS = NO;
				CLANG_ANALYZER_NONNULL = YES;
				CLANG_ANALYZER_NUMBER_OBJECT_CONVERSION = YES_AGGRESSIVE;
				CLANG_CXX_LANGUAGE_STANDARD = "gnu++14";
				CLANG_CXX_LIBRARY = "libc++";
				CLANG_ENABLE_MODULES = YES;
				CLANG_ENABLE_OBJC_ARC = YES;
				CLANG_ENABLE_OBJC_WEAK = YES;
				CLANG_WARN_BLOCK_CAPTURE_AUTORELEASING = YES;
				CLANG_WARN_BOOL_CONVERSION = YES;
				CLANG_WARN_COMMA = YES;
				CLANG_WARN_CONSTANT_CONVERSION = YES;
				CLANG_WARN_DEPRECATED_OBJC_IMPLEMENTATIONS = YES;
				CLANG_WARN_DIRECT_OBJC_ISA_USAGE = YES_ERROR;
				CLANG_WARN_DOCUMENTATION_COMMENTS = YES;
				CLANG_WARN_EMPTY_BODY = YES;
				CLANG_WARN_ENUM_CONVERSION = YES;
				CLANG_WARN_INFINITE_RECURSION = YES;
				CLANG_WARN_INT_CONVERSION = YES;
				CLANG_WARN_NON_LITERAL_NULL_CONVERSION = YES;
				CLANG_WARN_OBJC_IMPLICIT_RETAIN_SELF = YES;
				CLANG_WARN_OBJC_LITERAL_CONVERSION = YES;
				CLANG_WARN_OBJC_ROOT_CLASS = YES_ERROR;
				CLANG_WARN_RANGE_LOOP_ANALYSIS = YES;
				CLANG_WARN_STRICT_PROTOTYPES = YES;
				CLANG_WARN_SUSPICIOUS_MOVE = YES;
				CLANG_WARN_UNGUARDED_AVAILABILITY = YES_AGGRESSIVE;
				CLANG_WARN_UNREACHABLE_CODE = YES;
				CLANG_WARN__DUPLICATE_METHOD_MATCH = YES;
				CODE_SIGN_IDENTITY = "iPhone Developer";
				COPY_PHASE_STRIP = NO;
				DEBUG_INFORMATION_FORMAT = dwarf;
				ENABLE_STRICT_OBJC_MSGSEND = YES;
				ENABLE_TESTABILITY = YES;
				GCC_C_LANGUAGE_STANDARD = gnu11;
				GCC_DYNAMIC_NO_PIC = NO;
				GCC_NO_COMMON_BLOCKS = YES;
				GCC_OPTIMIZATION_LEVEL = 0;
				GCC_PREPROCESSOR_DEFINITIONS = (
					"DEBUG=1",
					"$(inherited)",
				);
				GCC_WARN_64_TO_32_BIT_CONVERSION = YES;
				GCC_WARN_ABOUT_RETURN_TYPE = YES_ERROR;
				GCC_WARN_UNDECLARED_SELECTOR = YES;
				GCC_WARN_UNINITIALIZED_AUTOS = YES_AGGRESSIVE;
				GCC_WARN_UNUSED_FUNCTION = YES;
				GCC_WARN_UNUSED_VARIABLE = YES;
				IPHONEOS_DEPLOYMENT_TARGET = 12.2;
				MTL_ENABLE_DEBUG_INFO = INCLUDE_SOURCE;
				MTL_FAST_MATH = YES;
				ONLY_ACTIVE_ARCH = YES;
				SDKROOT = iphoneos;
				SWIFT_ACTIVE_COMPILATION_CONDITIONS = DEBUG;
				SWIFT_OPTIMIZATION_LEVEL = "-Onone";
			};
			name = Debug;
		};
		9CD53FE922E0007200210C0F /* Release */ = {
			isa = XCBuildConfiguration;
			buildSettings = {
				ALWAYS_SEARCH_USER_PATHS = NO;
				CLANG_ANALYZER_NONNULL = YES;
				CLANG_ANALYZER_NUMBER_OBJECT_CONVERSION = YES_AGGRESSIVE;
				CLANG_CXX_LANGUAGE_STANDARD = "gnu++14";
				CLANG_CXX_LIBRARY = "libc++";
				CLANG_ENABLE_MODULES = YES;
				CLANG_ENABLE_OBJC_ARC = YES;
				CLANG_ENABLE_OBJC_WEAK = YES;
				CLANG_WARN_BLOCK_CAPTURE_AUTORELEASING = YES;
				CLANG_WARN_BOOL_CONVERSION = YES;
				CLANG_WARN_COMMA = YES;
				CLANG_WARN_CONSTANT_CONVERSION = YES;
				CLANG_WARN_DEPRECATED_OBJC_IMPLEMENTATIONS = YES;
				CLANG_WARN_DIRECT_OBJC_ISA_USAGE = YES_ERROR;
				CLANG_WARN_DOCUMENTATION_COMMENTS = YES;
				CLANG_WARN_EMPTY_BODY = YES;
				CLANG_WARN_ENUM_CONVERSION = YES;
				CLANG_WARN_INFINITE_RECURSION = YES;
				CLANG_WARN_INT_CONVERSION = YES;
				CLANG_WARN_NON_LITERAL_NULL_CONVERSION = YES;
				CLANG_WARN_OBJC_IMPLICIT_RETAIN_SELF = YES;
				CLANG_WARN_OBJC_LITERAL_CONVERSION = YES;
				CLANG_WARN_OBJC_ROOT_CLASS = YES_ERROR;
				CLANG_WARN_RANGE_LOOP_ANALYSIS = YES;
				CLANG_WARN_STRICT_PROTOTYPES = YES;
				CLANG_WARN_SUSPICIOUS_MOVE = YES;
				CLANG_WARN_UNGUARDED_AVAILABILITY = YES_AGGRESSIVE;
				CLANG_WARN_UNREACHABLE_CODE = YES;
				CLANG_WARN__DUPLICATE_METHOD_MATCH = YES;
				CODE_SIGN_IDENTITY = "iPhone Developer";
				COPY_PHASE_STRIP = NO;
				DEBUG_INFORMATION_FORMAT = "dwarf-with-dsym";
				ENABLE_NS_ASSERTIONS = NO;
				ENABLE_STRICT_OBJC_MSGSEND = YES;
				GCC_C_LANGUAGE_STANDARD = gnu11;
				GCC_NO_COMMON_BLOCKS = YES;
				GCC_WARN_64_TO_32_BIT_CONVERSION = YES;
				GCC_WARN_ABOUT_RETURN_TYPE = YES_ERROR;
				GCC_WARN_UNDECLARED_SELECTOR = YES;
				GCC_WARN_UNINITIALIZED_AUTOS = YES_AGGRESSIVE;
				GCC_WARN_UNUSED_FUNCTION = YES;
				GCC_WARN_UNUSED_VARIABLE = YES;
				IPHONEOS_DEPLOYMENT_TARGET = 12.2;
				MTL_ENABLE_DEBUG_INFO = NO;
				MTL_FAST_MATH = YES;
				SDKROOT = iphoneos;
				SWIFT_COMPILATION_MODE = wholemodule;
				SWIFT_OPTIMIZATION_LEVEL = "-O";
				VALIDATE_PRODUCT = YES;
			};
			name = Release;
		};
		9CD53FEB22E0007200210C0F /* Debug */ = {
			isa = XCBuildConfiguration;
			buildSettings = {
				ALWAYS_EMBED_SWIFT_STANDARD_LIBRARIES = YES;
				ASSETCATALOG_COMPILER_APPICON_NAME = AppIcon;
				CODE_SIGN_STYLE = Automatic;
				DEVELOPMENT_TEAM = 79VHH58USY;
				INFOPLIST_FILE = Mastery_iOS/Info.plist;
				LD_RUNPATH_SEARCH_PATHS = (
					"$(inherited)",
					"@executable_path/Frameworks",
				);
				PRODUCT_BUNDLE_IDENTIFIER = "com.MarinaMcPeak.Mastery-iOS";
				PRODUCT_NAME = "$(TARGET_NAME)";
				SWIFT_VERSION = 5.0;
				TARGETED_DEVICE_FAMILY = "1,2";
			};
			name = Debug;
		};
		9CD53FEC22E0007200210C0F /* Release */ = {
			isa = XCBuildConfiguration;
			buildSettings = {
				ALWAYS_EMBED_SWIFT_STANDARD_LIBRARIES = YES;
				ASSETCATALOG_COMPILER_APPICON_NAME = AppIcon;
				CODE_SIGN_STYLE = Automatic;
				DEVELOPMENT_TEAM = 79VHH58USY;
				INFOPLIST_FILE = Mastery_iOS/Info.plist;
				LD_RUNPATH_SEARCH_PATHS = (
					"$(inherited)",
					"@executable_path/Frameworks",
				);
				PRODUCT_BUNDLE_IDENTIFIER = "com.MarinaMcPeak.Mastery-iOS";
				PRODUCT_NAME = "$(TARGET_NAME)";
				SWIFT_VERSION = 5.0;
				TARGETED_DEVICE_FAMILY = "1,2";
			};
			name = Release;
		};
		9CD53FEE22E0007200210C0F /* Debug */ = {
			isa = XCBuildConfiguration;
			buildSettings = {
				ALWAYS_EMBED_SWIFT_STANDARD_LIBRARIES = YES;
				BUNDLE_LOADER = "$(TEST_HOST)";
				CODE_SIGN_STYLE = Automatic;
				DEVELOPMENT_TEAM = 69CPQG929Z;
				INFOPLIST_FILE = Mastery_iOSTests/Info.plist;
				LD_RUNPATH_SEARCH_PATHS = (
					"$(inherited)",
					"@executable_path/Frameworks",
					"@loader_path/Frameworks",
				);
				PRODUCT_BUNDLE_IDENTIFIER = "com.MarinaMcPeak.Mastery-iOSTests";
				PRODUCT_NAME = "$(TARGET_NAME)";
				SWIFT_VERSION = 5.0;
				TARGETED_DEVICE_FAMILY = "1,2";
				TEST_HOST = "$(BUILT_PRODUCTS_DIR)/Mastery_iOS.app/Mastery_iOS";
			};
			name = Debug;
		};
		9CD53FEF22E0007200210C0F /* Release */ = {
			isa = XCBuildConfiguration;
			buildSettings = {
				ALWAYS_EMBED_SWIFT_STANDARD_LIBRARIES = YES;
				BUNDLE_LOADER = "$(TEST_HOST)";
				CODE_SIGN_STYLE = Automatic;
				DEVELOPMENT_TEAM = 69CPQG929Z;
				INFOPLIST_FILE = Mastery_iOSTests/Info.plist;
				LD_RUNPATH_SEARCH_PATHS = (
					"$(inherited)",
					"@executable_path/Frameworks",
					"@loader_path/Frameworks",
				);
				PRODUCT_BUNDLE_IDENTIFIER = "com.MarinaMcPeak.Mastery-iOSTests";
				PRODUCT_NAME = "$(TARGET_NAME)";
				SWIFT_VERSION = 5.0;
				TARGETED_DEVICE_FAMILY = "1,2";
				TEST_HOST = "$(BUILT_PRODUCTS_DIR)/Mastery_iOS.app/Mastery_iOS";
			};
			name = Release;
		};
		9CD53FF122E0007200210C0F /* Debug */ = {
			isa = XCBuildConfiguration;
			buildSettings = {
				ALWAYS_EMBED_SWIFT_STANDARD_LIBRARIES = YES;
				CODE_SIGN_STYLE = Automatic;
				DEVELOPMENT_TEAM = 69CPQG929Z;
				INFOPLIST_FILE = Mastery_iOSUITests/Info.plist;
				LD_RUNPATH_SEARCH_PATHS = (
					"$(inherited)",
					"@executable_path/Frameworks",
					"@loader_path/Frameworks",
				);
				PRODUCT_BUNDLE_IDENTIFIER = "com.MarinaMcPeak.Mastery-iOSUITests";
				PRODUCT_NAME = "$(TARGET_NAME)";
				SWIFT_VERSION = 5.0;
				TARGETED_DEVICE_FAMILY = "1,2";
				TEST_TARGET_NAME = Mastery_iOS;
			};
			name = Debug;
		};
		9CD53FF222E0007200210C0F /* Release */ = {
			isa = XCBuildConfiguration;
			buildSettings = {
				ALWAYS_EMBED_SWIFT_STANDARD_LIBRARIES = YES;
				CODE_SIGN_STYLE = Automatic;
				DEVELOPMENT_TEAM = 69CPQG929Z;
				INFOPLIST_FILE = Mastery_iOSUITests/Info.plist;
				LD_RUNPATH_SEARCH_PATHS = (
					"$(inherited)",
					"@executable_path/Frameworks",
					"@loader_path/Frameworks",
				);
				PRODUCT_BUNDLE_IDENTIFIER = "com.MarinaMcPeak.Mastery-iOSUITests";
				PRODUCT_NAME = "$(TARGET_NAME)";
				SWIFT_VERSION = 5.0;
				TARGETED_DEVICE_FAMILY = "1,2";
				TEST_TARGET_NAME = Mastery_iOS;
			};
			name = Release;
		};
/* End XCBuildConfiguration section */

/* Begin XCConfigurationList section */
		6226936122EFEFE800A0A642 /* Build configuration list for PBXNativeTarget "TaskIcons" */ = {
			isa = XCConfigurationList;
			buildConfigurations = (
				6226935F22EFEFE800A0A642 /* Debug */,
				6226936022EFEFE800A0A642 /* Release */,
			);
			defaultConfigurationIsVisible = 0;
			defaultConfigurationName = Release;
		};
		6226938622EFFF3900A0A642 /* Build configuration list for PBXNativeTarget "MasteryNotificationExtension" */ = {
			isa = XCConfigurationList;
			buildConfigurations = (
				6226938722EFFF3900A0A642 /* Debug */,
				6226938822EFFF3900A0A642 /* Release */,
			);
			defaultConfigurationIsVisible = 0;
			defaultConfigurationName = Release;
		};
		9CD53FB822E0007100210C0F /* Build configuration list for PBXProject "Mastery_iOS" */ = {
			isa = XCConfigurationList;
			buildConfigurations = (
				9CD53FE822E0007200210C0F /* Debug */,
				9CD53FE922E0007200210C0F /* Release */,
			);
			defaultConfigurationIsVisible = 0;
			defaultConfigurationName = Release;
		};
		9CD53FEA22E0007200210C0F /* Build configuration list for PBXNativeTarget "Mastery_iOS" */ = {
			isa = XCConfigurationList;
			buildConfigurations = (
				9CD53FEB22E0007200210C0F /* Debug */,
				9CD53FEC22E0007200210C0F /* Release */,
			);
			defaultConfigurationIsVisible = 0;
			defaultConfigurationName = Release;
		};
		9CD53FED22E0007200210C0F /* Build configuration list for PBXNativeTarget "Mastery_iOSTests" */ = {
			isa = XCConfigurationList;
			buildConfigurations = (
				9CD53FEE22E0007200210C0F /* Debug */,
				9CD53FEF22E0007200210C0F /* Release */,
			);
			defaultConfigurationIsVisible = 0;
			defaultConfigurationName = Release;
		};
		9CD53FF022E0007200210C0F /* Build configuration list for PBXNativeTarget "Mastery_iOSUITests" */ = {
			isa = XCConfigurationList;
			buildConfigurations = (
				9CD53FF122E0007200210C0F /* Debug */,
				9CD53FF222E0007200210C0F /* Release */,
			);
			defaultConfigurationIsVisible = 0;
			defaultConfigurationName = Release;
		};
/* End XCConfigurationList section */

/* Begin XCVersionGroup section */
		065216E822E7B66300DC1C44 /* Mastery_iOS.xcdatamodeld */ = {
			isa = XCVersionGroup;
			children = (
				065216E922E7B66300DC1C44 /* Mastery_iOS.xcdatamodel */,
			);
			currentVersion = 065216E922E7B66300DC1C44 /* Mastery_iOS.xcdatamodel */;
			path = Mastery_iOS.xcdatamodeld;
			sourceTree = "<group>";
			versionGroupType = wrapper.xcdatamodel;
		};
/* End XCVersionGroup section */
	};
	rootObject = 9CD53FB522E0007100210C0F /* Project object */;
}
